// !$*UTF8*$!
{
	archiveVersion = 1;
	classes = {
	};
	objectVersion = 50;
	objects = {

/* Begin PBXBuildFile section */
		D81E44D920D2847800E40904 /* ear_0.png in Resources */ = {isa = PBXBuildFile; fileRef = D81E446E20D2847800E40904 /* ear_0.png */; };
		D81E44DA20D2847800E40904 /* ear_1.png in Resources */ = {isa = PBXBuildFile; fileRef = D81E446F20D2847800E40904 /* ear_1.png */; };
		D81E44DB20D2847800E40904 /* ear_10.png in Resources */ = {isa = PBXBuildFile; fileRef = D81E447020D2847800E40904 /* ear_10.png */; };
		D81E44DC20D2847800E40904 /* ear_11.png in Resources */ = {isa = PBXBuildFile; fileRef = D81E447120D2847800E40904 /* ear_11.png */; };
		D81E44DD20D2847800E40904 /* ear_12.png in Resources */ = {isa = PBXBuildFile; fileRef = D81E447220D2847800E40904 /* ear_12.png */; };
		D81E44DE20D2847800E40904 /* ear_13.png in Resources */ = {isa = PBXBuildFile; fileRef = D81E447320D2847800E40904 /* ear_13.png */; };
		D81E44DF20D2847800E40904 /* ear_14.png in Resources */ = {isa = PBXBuildFile; fileRef = D81E447420D2847800E40904 /* ear_14.png */; };
		D81E44E020D2847800E40904 /* ear_15.png in Resources */ = {isa = PBXBuildFile; fileRef = D81E447520D2847800E40904 /* ear_15.png */; };
		D81E44E120D2847800E40904 /* ear_16.png in Resources */ = {isa = PBXBuildFile; fileRef = D81E447620D2847800E40904 /* ear_16.png */; };
		D81E44E220D2847800E40904 /* ear_17.png in Resources */ = {isa = PBXBuildFile; fileRef = D81E447720D2847800E40904 /* ear_17.png */; };
		D81E44E320D2847800E40904 /* ear_18.png in Resources */ = {isa = PBXBuildFile; fileRef = D81E447820D2847800E40904 /* ear_18.png */; };
		D81E44E420D2847800E40904 /* ear_19.png in Resources */ = {isa = PBXBuildFile; fileRef = D81E447920D2847800E40904 /* ear_19.png */; };
		D81E44E520D2847800E40904 /* ear_2.png in Resources */ = {isa = PBXBuildFile; fileRef = D81E447A20D2847800E40904 /* ear_2.png */; };
		D81E44E620D2847800E40904 /* ear_20.png in Resources */ = {isa = PBXBuildFile; fileRef = D81E447B20D2847800E40904 /* ear_20.png */; };
		D81E44E720D2847800E40904 /* ear_21.png in Resources */ = {isa = PBXBuildFile; fileRef = D81E447C20D2847800E40904 /* ear_21.png */; };
		D81E44E820D2847800E40904 /* ear_22.png in Resources */ = {isa = PBXBuildFile; fileRef = D81E447D20D2847800E40904 /* ear_22.png */; };
		D81E44E920D2847800E40904 /* ear_23.png in Resources */ = {isa = PBXBuildFile; fileRef = D81E447E20D2847800E40904 /* ear_23.png */; };
		D81E44EA20D2847800E40904 /* ear_3.png in Resources */ = {isa = PBXBuildFile; fileRef = D81E447F20D2847800E40904 /* ear_3.png */; };
		D81E44EB20D2847800E40904 /* ear_4.png in Resources */ = {isa = PBXBuildFile; fileRef = D81E448020D2847800E40904 /* ear_4.png */; };
		D81E44EC20D2847800E40904 /* ear_5.png in Resources */ = {isa = PBXBuildFile; fileRef = D81E448120D2847800E40904 /* ear_5.png */; };
		D81E44ED20D2847800E40904 /* ear_6.png in Resources */ = {isa = PBXBuildFile; fileRef = D81E448220D2847800E40904 /* ear_6.png */; };
		D81E44EE20D2847800E40904 /* ear_7.png in Resources */ = {isa = PBXBuildFile; fileRef = D81E448320D2847800E40904 /* ear_7.png */; };
		D81E44EF20D2847800E40904 /* ear_8.png in Resources */ = {isa = PBXBuildFile; fileRef = D81E448420D2847800E40904 /* ear_8.png */; };
		D81E44F020D2847800E40904 /* ear_9.png in Resources */ = {isa = PBXBuildFile; fileRef = D81E448520D2847800E40904 /* ear_9.png */; };
		D81E44F120D2847800E40904 /* huzi_0.png in Resources */ = {isa = PBXBuildFile; fileRef = D81E448720D2847800E40904 /* huzi_0.png */; };
		D81E44F220D2847800E40904 /* huzi_1.png in Resources */ = {isa = PBXBuildFile; fileRef = D81E448820D2847800E40904 /* huzi_1.png */; };
		D81E44F320D2847800E40904 /* huzi_10.png in Resources */ = {isa = PBXBuildFile; fileRef = D81E448920D2847800E40904 /* huzi_10.png */; };
		D81E44F420D2847800E40904 /* huzi_11.png in Resources */ = {isa = PBXBuildFile; fileRef = D81E448A20D2847800E40904 /* huzi_11.png */; };
		D81E44F520D2847800E40904 /* huzi_2.png in Resources */ = {isa = PBXBuildFile; fileRef = D81E448B20D2847800E40904 /* huzi_2.png */; };
		D81E44F620D2847800E40904 /* huzi_3.png in Resources */ = {isa = PBXBuildFile; fileRef = D81E448C20D2847800E40904 /* huzi_3.png */; };
		D81E44F720D2847800E40904 /* huzi_4.png in Resources */ = {isa = PBXBuildFile; fileRef = D81E448D20D2847800E40904 /* huzi_4.png */; };
		D81E44F820D2847800E40904 /* huzi_5.png in Resources */ = {isa = PBXBuildFile; fileRef = D81E448E20D2847800E40904 /* huzi_5.png */; };
		D81E44F920D2847800E40904 /* huzi_6.png in Resources */ = {isa = PBXBuildFile; fileRef = D81E448F20D2847800E40904 /* huzi_6.png */; };
		D81E44FA20D2847800E40904 /* huzi_7.png in Resources */ = {isa = PBXBuildFile; fileRef = D81E449020D2847800E40904 /* huzi_7.png */; };
		D81E44FB20D2847800E40904 /* huzi_8.png in Resources */ = {isa = PBXBuildFile; fileRef = D81E449120D2847800E40904 /* huzi_8.png */; };
		D81E44FC20D2847800E40904 /* huzi_9.png in Resources */ = {isa = PBXBuildFile; fileRef = D81E449220D2847800E40904 /* huzi_9.png */; };
		D81E44FD20D2847800E40904 /* nose_0.png in Resources */ = {isa = PBXBuildFile; fileRef = D81E449420D2847800E40904 /* nose_0.png */; };
		D81E44FE20D2847800E40904 /* params.wmc in Resources */ = {isa = PBXBuildFile; fileRef = D81E449520D2847800E40904 /* params.wmc */; };
		D81E44FF20D2847800E40904 /* tooth_0.png in Resources */ = {isa = PBXBuildFile; fileRef = D81E449720D2847800E40904 /* tooth_0.png */; };
		D81E450020D2847800E40904 /* tooth_1.png in Resources */ = {isa = PBXBuildFile; fileRef = D81E449820D2847800E40904 /* tooth_1.png */; };
		D81E450120D2847800E40904 /* tooth_10.png in Resources */ = {isa = PBXBuildFile; fileRef = D81E449920D2847800E40904 /* tooth_10.png */; };
		D81E450220D2847800E40904 /* tooth_11.png in Resources */ = {isa = PBXBuildFile; fileRef = D81E449A20D2847800E40904 /* tooth_11.png */; };
		D81E450320D2847800E40904 /* tooth_12.png in Resources */ = {isa = PBXBuildFile; fileRef = D81E449B20D2847800E40904 /* tooth_12.png */; };
		D81E450420D2847800E40904 /* tooth_13.png in Resources */ = {isa = PBXBuildFile; fileRef = D81E449C20D2847800E40904 /* tooth_13.png */; };
		D81E450520D2847800E40904 /* tooth_14.png in Resources */ = {isa = PBXBuildFile; fileRef = D81E449D20D2847800E40904 /* tooth_14.png */; };
		D81E450620D2847800E40904 /* tooth_15.png in Resources */ = {isa = PBXBuildFile; fileRef = D81E449E20D2847800E40904 /* tooth_15.png */; };
		D81E450720D2847800E40904 /* tooth_16.png in Resources */ = {isa = PBXBuildFile; fileRef = D81E449F20D2847800E40904 /* tooth_16.png */; };
		D81E450820D2847800E40904 /* tooth_17.png in Resources */ = {isa = PBXBuildFile; fileRef = D81E44A020D2847800E40904 /* tooth_17.png */; };
		D81E450920D2847800E40904 /* tooth_18.png in Resources */ = {isa = PBXBuildFile; fileRef = D81E44A120D2847800E40904 /* tooth_18.png */; };
		D81E450A20D2847800E40904 /* tooth_19.png in Resources */ = {isa = PBXBuildFile; fileRef = D81E44A220D2847800E40904 /* tooth_19.png */; };
		D81E450B20D2847800E40904 /* tooth_2.png in Resources */ = {isa = PBXBuildFile; fileRef = D81E44A320D2847800E40904 /* tooth_2.png */; };
		D81E450C20D2847800E40904 /* tooth_20.png in Resources */ = {isa = PBXBuildFile; fileRef = D81E44A420D2847800E40904 /* tooth_20.png */; };
		D81E450D20D2847800E40904 /* tooth_21.png in Resources */ = {isa = PBXBuildFile; fileRef = D81E44A520D2847800E40904 /* tooth_21.png */; };
		D81E450E20D2847800E40904 /* tooth_22.png in Resources */ = {isa = PBXBuildFile; fileRef = D81E44A620D2847800E40904 /* tooth_22.png */; };
		D81E450F20D2847800E40904 /* tooth_23.png in Resources */ = {isa = PBXBuildFile; fileRef = D81E44A720D2847800E40904 /* tooth_23.png */; };
		D81E451020D2847800E40904 /* tooth_3.png in Resources */ = {isa = PBXBuildFile; fileRef = D81E44A820D2847800E40904 /* tooth_3.png */; };
		D81E451120D2847800E40904 /* tooth_4.png in Resources */ = {isa = PBXBuildFile; fileRef = D81E44A920D2847800E40904 /* tooth_4.png */; };
		D81E451220D2847800E40904 /* tooth_5.png in Resources */ = {isa = PBXBuildFile; fileRef = D81E44AA20D2847800E40904 /* tooth_5.png */; };
		D81E451320D2847800E40904 /* tooth_6.png in Resources */ = {isa = PBXBuildFile; fileRef = D81E44AB20D2847800E40904 /* tooth_6.png */; };
		D81E451420D2847800E40904 /* tooth_7.png in Resources */ = {isa = PBXBuildFile; fileRef = D81E44AC20D2847800E40904 /* tooth_7.png */; };
		D81E451520D2847800E40904 /* tooth_8.png in Resources */ = {isa = PBXBuildFile; fileRef = D81E44AD20D2847800E40904 /* tooth_8.png */; };
		D81E451620D2847800E40904 /* tooth_9.png in Resources */ = {isa = PBXBuildFile; fileRef = D81E44AE20D2847800E40904 /* tooth_9.png */; };
		D81E451720D2847800E40904 /* video_rabbit.png in Resources */ = {isa = PBXBuildFile; fileRef = D81E44AF20D2847800E40904 /* video_rabbit.png */; };
		D81E451820D2847800E40904 /* apple.mp4 in Resources */ = {isa = PBXBuildFile; fileRef = D81E44B220D2847800E40904 /* apple.mp4 */; };
		D81E451920D2847800E40904 /* cloth_0.png in Resources */ = {isa = PBXBuildFile; fileRef = D81E44B420D2847800E40904 /* cloth_0.png */; };
		D81E451A20D2847800E40904 /* eyes.mp4 in Resources */ = {isa = PBXBuildFile; fileRef = D81E44B620D2847800E40904 /* eyes.mp4 */; };
		D81E451B20D2847800E40904 /* head.mp4 in Resources */ = {isa = PBXBuildFile; fileRef = D81E44B820D2847800E40904 /* head.mp4 */; };
		D81E451C20D2847800E40904 /* params.wmc in Resources */ = {isa = PBXBuildFile; fileRef = D81E44B920D2847800E40904 /* params.wmc */; };
		D81E451D20D2847800E40904 /* video_snow_white.png in Resources */ = {isa = PBXBuildFile; fileRef = D81E44BA20D2847800E40904 /* video_snow_white.png */; };
		D81E451E20D2847800E40904 /* fennen.png in Resources */ = {isa = PBXBuildFile; fileRef = D81E44BC20D2847800E40904 /* fennen.png */; };
		D81E451F20D2847800E40904 /* huaijiu.png in Resources */ = {isa = PBXBuildFile; fileRef = D81E44BD20D2847800E40904 /* huaijiu.png */; };
		D81E452020D2847800E40904 /* Info.plist in Resources */ = {isa = PBXBuildFile; fileRef = D81E44BE20D2847800E40904 /* Info.plist */; };
		D81E452120D2847800E40904 /* landiao.png in Resources */ = {isa = PBXBuildFile; fileRef = D81E44BF20D2847800E40904 /* landiao.png */; };
		D81E452220D2847800E40904 /* langman.png in Resources */ = {isa = PBXBuildFile; fileRef = D81E44C020D2847800E40904 /* langman.png */; };
		D81E452320D2847800E40904 /* qingliang.png in Resources */ = {isa = PBXBuildFile; fileRef = D81E44C120D2847800E40904 /* qingliang.png */; };
		D81E452420D2847800E40904 /* qingxin.png in Resources */ = {isa = PBXBuildFile; fileRef = D81E44C220D2847800E40904 /* qingxin.png */; };
		D81E452520D2847800E40904 /* rixi.png in Resources */ = {isa = PBXBuildFile; fileRef = D81E44C320D2847800E40904 /* rixi.png */; };
		D81E452620D2847800E40904 /* weimei.png in Resources */ = {isa = PBXBuildFile; fileRef = D81E44C420D2847800E40904 /* weimei.png */; };
		D81E452720D2847800E40904 /* white.png in Resources */ = {isa = PBXBuildFile; fileRef = D81E44C520D2847800E40904 /* white.png */; };
		D81E452820D2847800E40904 /* libTXMBasic.a in Frameworks */ = {isa = PBXBuildFile; fileRef = D81E44CD20D2847800E40904 /* libTXMBasic.a */; };
		D81E452920D2847800E40904 /* libTXMRenderer.a in Frameworks */ = {isa = PBXBuildFile; fileRef = D81E44CE20D2847800E40904 /* libTXMRenderer.a */; };
		D81E452A20D2847800E40904 /* libTXMVideoPreprocessor.a in Frameworks */ = {isa = PBXBuildFile; fileRef = D81E44CF20D2847800E40904 /* libTXMVideoPreprocessor.a */; };
		D81E452B20D2847900E40904 /* FilterEngine.bundle in Resources */ = {isa = PBXBuildFile; fileRef = D81E44D120D2847800E40904 /* FilterEngine.bundle */; };
		D81E452C20D2847900E40904 /* GPUImage.framework in Frameworks */ = {isa = PBXBuildFile; fileRef = D81E44D220D2847800E40904 /* GPUImage.framework */; };
		D81E452D20D2847900E40904 /* libcrypto.a in Frameworks */ = {isa = PBXBuildFile; fileRef = D81E44D320D2847800E40904 /* libcrypto.a */; };
		D81E452E20D2847900E40904 /* libssl.a in Frameworks */ = {isa = PBXBuildFile; fileRef = D81E44D420D2847800E40904 /* libssl.a */; };
		D81E452F20D2847900E40904 /* PE.dat in Resources */ = {isa = PBXBuildFile; fileRef = D81E44D620D2847800E40904 /* PE.dat */; };
		D81E453020D2847900E40904 /* ufa.bundle in Resources */ = {isa = PBXBuildFile; fileRef = D81E44D720D2847800E40904 /* ufa.bundle */; };
		D81E453120D2847900E40904 /* youtubeauty.bundle in Resources */ = {isa = PBXBuildFile; fileRef = D81E44D820D2847800E40904 /* youtubeauty.bundle */; };
		D81E453320D284E100E40904 /* AssetsLibrary.framework in Frameworks */ = {isa = PBXBuildFile; fileRef = D81E453220D284E100E40904 /* AssetsLibrary.framework */; };
		D81E453520D284F400E40904 /* AVFoundation.framework in Frameworks */ = {isa = PBXBuildFile; fileRef = D81E453420D284F300E40904 /* AVFoundation.framework */; };
		D81E453720D2851200E40904 /* ImageIO.framework in Frameworks */ = {isa = PBXBuildFile; fileRef = D81E453620D2851200E40904 /* ImageIO.framework */; };
		D81E453920D2851F00E40904 /* JavaScriptCore.framework in Frameworks */ = {isa = PBXBuildFile; fileRef = D81E453820D2851F00E40904 /* JavaScriptCore.framework */; };
		D81E453B20D28A7700E40904 /* OpenGLES.framework in Frameworks */ = {isa = PBXBuildFile; fileRef = D81E453A20D28A7700E40904 /* OpenGLES.framework */; };
		D81E453D20D28A9100E40904 /* QuartzCore.framework in Frameworks */ = {isa = PBXBuildFile; fileRef = D81E453C20D28A9100E40904 /* QuartzCore.framework */; };
		D81E453F20D28AB200E40904 /* VideoToolbox.framework in Frameworks */ = {isa = PBXBuildFile; fileRef = D81E453E20D28AB100E40904 /* VideoToolbox.framework */; };
		D81E454120D28ACE00E40904 /* libicucore.tbd in Frameworks */ = {isa = PBXBuildFile; fileRef = D81E454020D28ACE00E40904 /* libicucore.tbd */; };
		D81E454320D28AFA00E40904 /* libstdc++.tbd in Frameworks */ = {isa = PBXBuildFile; fileRef = D81E454220D28AFA00E40904 /* libstdc++.tbd */; };
		D841719D20C62F2C00177BCD /* bg.png in Resources */ = {isa = PBXBuildFile; fileRef = D841719B20C62F2C00177BCD /* bg.png */; };
		D84171A020C6353C00177BCD /* UIColorEX.m in Sources */ = {isa = PBXBuildFile; fileRef = D841719F20C6353C00177BCD /* UIColorEX.m */; };
		D84171A620C6811200177BCD /* RefreshFooter.m in Sources */ = {isa = PBXBuildFile; fileRef = D84171A520C6811200177BCD /* RefreshFooter.m */; };
		D84171A920C6817100177BCD /* RefreshHeader.m in Sources */ = {isa = PBXBuildFile; fileRef = D84171A820C6817100177BCD /* RefreshHeader.m */; };
		D879E03520C7CE490078E970 /* muti_room_bg.png in Resources */ = {isa = PBXBuildFile; fileRef = D879E03420C7CE490078E970 /* muti_room_bg.png */; };
		D879E03720C7D1E20078E970 /* feedback.png in Resources */ = {isa = PBXBuildFile; fileRef = D879E03620C7D1E10078E970 /* feedback.png */; };
		D879E03920C7D1E90078E970 /* role.png in Resources */ = {isa = PBXBuildFile; fileRef = D879E03820C7D1E90078E970 /* role.png */; };
		D879E07E20C827A70078E970 /* IMCore.framework in Frameworks */ = {isa = PBXBuildFile; fileRef = D879E07920C827A70078E970 /* IMCore.framework */; };
		D879E07F20C827A70078E970 /* ImSDK.framework in Frameworks */ = {isa = PBXBuildFile; fileRef = D879E07A20C827A70078E970 /* ImSDK.framework */; };
		D879E08020C827A70078E970 /* IMSDKBugly.framework in Frameworks */ = {isa = PBXBuildFile; fileRef = D879E07B20C827A70078E970 /* IMSDKBugly.framework */; };
		D879E08120C827A70078E970 /* QALSDK.framework in Frameworks */ = {isa = PBXBuildFile; fileRef = D879E07C20C827A70078E970 /* QALSDK.framework */; };
		D879E08220C827A70078E970 /* TLSSDK.framework in Frameworks */ = {isa = PBXBuildFile; fileRef = D879E07D20C827A70078E970 /* TLSSDK.framework */; };
		D888AD2420BFA152001BE4E0 /* AppDelegate.m in Sources */ = {isa = PBXBuildFile; fileRef = D888AD2320BFA152001BE4E0 /* AppDelegate.m */; };
		D888AD2720BFA152001BE4E0 /* TCLiveJoinRoomViewController.m in Sources */ = {isa = PBXBuildFile; fileRef = D888AD2620BFA152001BE4E0 /* TCLiveJoinRoomViewController.m */; };
		D888AD2A20BFA152001BE4E0 /* Main.storyboard in Resources */ = {isa = PBXBuildFile; fileRef = D888AD2820BFA152001BE4E0 /* Main.storyboard */; };
		D888AD2F20BFA153001BE4E0 /* Assets.xcassets in Resources */ = {isa = PBXBuildFile; fileRef = D888AD2E20BFA153001BE4E0 /* Assets.xcassets */; };
		D888AD3220BFA153001BE4E0 /* LaunchScreen.storyboard in Resources */ = {isa = PBXBuildFile; fileRef = D888AD3020BFA153001BE4E0 /* LaunchScreen.storyboard */; };
		D888AD3520BFA153001BE4E0 /* main.m in Sources */ = {isa = PBXBuildFile; fileRef = D888AD3420BFA153001BE4E0 /* main.m */; };
		D888AD3F20BFA153001BE4E0 /* TRTCTests.m in Sources */ = {isa = PBXBuildFile; fileRef = D888AD3E20BFA153001BE4E0 /* TRTCTests.m */; };
		D888AD4A20BFA153001BE4E0 /* TRTCUITests.m in Sources */ = {isa = PBXBuildFile; fileRef = D888AD4920BFA153001BE4E0 /* TRTCUITests.m */; };
		D888AD5A20BFA543001BE4E0 /* QAVSDK.framework in Frameworks */ = {isa = PBXBuildFile; fileRef = D888AD5920BFA543001BE4E0 /* QAVSDK.framework */; };
		D888AD6D20BFA58D001BE4E0 /* ILiveLogReport.framework in Frameworks */ = {isa = PBXBuildFile; fileRef = D888AD6A20BFA58C001BE4E0 /* ILiveLogReport.framework */; };
		D888AD6E20BFA58D001BE4E0 /* ILiveSDK.framework in Frameworks */ = {isa = PBXBuildFile; fileRef = D888AD6B20BFA58C001BE4E0 /* ILiveSDK.framework */; };
		D888AD6F20BFA58D001BE4E0 /* TILLiveSDK.framework in Frameworks */ = {isa = PBXBuildFile; fileRef = D888AD6C20BFA58C001BE4E0 /* TILLiveSDK.framework */; };
		D888AD7320BFA5E7001BE4E0 /* UIKit.framework in Frameworks */ = {isa = PBXBuildFile; fileRef = D888AD7220BFA5E7001BE4E0 /* UIKit.framework */; };
		D888AD7520BFA607001BE4E0 /* CoreVideo.framework in Frameworks */ = {isa = PBXBuildFile; fileRef = D888AD7420BFA607001BE4E0 /* CoreVideo.framework */; };
		D888AD7720BFA60F001BE4E0 /* Accelerate.framework in Frameworks */ = {isa = PBXBuildFile; fileRef = D888AD7620BFA60F001BE4E0 /* Accelerate.framework */; };
		D888AD7920BFA618001BE4E0 /* SystemConfiguration.framework in Frameworks */ = {isa = PBXBuildFile; fileRef = D888AD7820BFA618001BE4E0 /* SystemConfiguration.framework */; };
		D888AD7B20BFA621001BE4E0 /* CoreMedia.framework in Frameworks */ = {isa = PBXBuildFile; fileRef = D888AD7A20BFA621001BE4E0 /* CoreMedia.framework */; };
		D888AD7D20BFA628001BE4E0 /* CoreGraphics.framework in Frameworks */ = {isa = PBXBuildFile; fileRef = D888AD7C20BFA628001BE4E0 /* CoreGraphics.framework */; };
		D888AD9520BFABD0001BE4E0 /* OpenAL.framework in Frameworks */ = {isa = PBXBuildFile; fileRef = D888AD9420BFABD0001BE4E0 /* OpenAL.framework */; };
		D888AD9720BFACEB001BE4E0 /* libprotobuf.tbd in Frameworks */ = {isa = PBXBuildFile; fileRef = D888AD9620BFACEB001BE4E0 /* libprotobuf.tbd */; };
		D888AD9920BFACFC001BE4E0 /* libsqlite3.0.tbd in Frameworks */ = {isa = PBXBuildFile; fileRef = D888AD9820BFACFC001BE4E0 /* libsqlite3.0.tbd */; };
		D888AD9B20BFAD07001BE4E0 /* libresolv.tbd in Frameworks */ = {isa = PBXBuildFile; fileRef = D888AD9A20BFAD06001BE4E0 /* libresolv.tbd */; };
		D888AD9D20BFAD0F001BE4E0 /* libz.tbd in Frameworks */ = {isa = PBXBuildFile; fileRef = D888AD9C20BFAD0F001BE4E0 /* libz.tbd */; };
		D888AD9F20BFAD1A001BE4E0 /* libbz2.tbd in Frameworks */ = {isa = PBXBuildFile; fileRef = D888AD9E20BFAD19001BE4E0 /* libbz2.tbd */; };
		D888ADA120BFAD23001BE4E0 /* libc++.tbd in Frameworks */ = {isa = PBXBuildFile; fileRef = D888ADA020BFAD23001BE4E0 /* libc++.tbd */; };
		D888ADA320BFAD2E001BE4E0 /* libstdc++.6.tbd in Frameworks */ = {isa = PBXBuildFile; fileRef = D888ADA220BFAD2E001BE4E0 /* libstdc++.6.tbd */; };
		D888ADA520BFAE04001BE4E0 /* libiconv.tbd in Frameworks */ = {isa = PBXBuildFile; fileRef = D888ADA420BFAE04001BE4E0 /* libiconv.tbd */; };
		D888ADE620BFD4EB001BE4E0 /* TCLiveRequestManager.m in Sources */ = {isa = PBXBuildFile; fileRef = D888ADE520BFD4EB001BE4E0 /* TCLiveRequestManager.m */; };
		D888ADF520C04237001BE4E0 /* TCLiveRoomViewController.m in Sources */ = {isa = PBXBuildFile; fileRef = D888ADF420C04237001BE4E0 /* TCLiveRoomViewController.m */; };
		D888ADFB20C3D9F0001BE4E0 /* TCLiveVideoLayoutView.m in Sources */ = {isa = PBXBuildFile; fileRef = D888ADFA20C3D9F0001BE4E0 /* TCLiveVideoLayoutView.m */; };
		D888ADFE20C3EC63001BE4E0 /* TCLiveVideoControlBar.m in Sources */ = {isa = PBXBuildFile; fileRef = D888ADFD20C3EC63001BE4E0 /* TCLiveVideoControlBar.m */; };
		D888AE0120C3F2E6001BE4E0 /* TCLiveChatTableView.m in Sources */ = {isa = PBXBuildFile; fileRef = D888AE0020C3F2E6001BE4E0 /* TCLiveChatTableView.m */; };
		D888AE3720C40691001BE4E0 /* beauty-dis.png in Resources */ = {isa = PBXBuildFile; fileRef = D888AE0820C40690001BE4E0 /* beauty-dis.png */; };
		D888AE3820C40691001BE4E0 /* beauty.png in Resources */ = {isa = PBXBuildFile; fileRef = D888AE0920C40690001BE4E0 /* beauty.png */; };
		D888AE3A20C40691001BE4E0 /* camera-gray.png in Resources */ = {isa = PBXBuildFile; fileRef = D888AE0B20C40690001BE4E0 /* camera-gray.png */; };
		D888AE3B20C40691001BE4E0 /* camera.png in Resources */ = {isa = PBXBuildFile; fileRef = D888AE0C20C40690001BE4E0 /* camera.png */; };
		D888AE3C20C40691001BE4E0 /* doubleroom.png in Resources */ = {isa = PBXBuildFile; fileRef = D888AE0D20C40690001BE4E0 /* doubleroom.png */; };
		D888AE4720C40691001BE4E0 /* log.png in Resources */ = {isa = PBXBuildFile; fileRef = D888AE1820C40690001BE4E0 /* log.png */; };
		D888AE4820C40691001BE4E0 /* log2.png in Resources */ = {isa = PBXBuildFile; fileRef = D888AE1920C40690001BE4E0 /* log2.png */; };
		D888AE4B20C40691001BE4E0 /* mic-dis.png in Resources */ = {isa = PBXBuildFile; fileRef = D888AE1C20C40691001BE4E0 /* mic-dis.png */; };
		D888AE4C20C40691001BE4E0 /* mic.png in Resources */ = {isa = PBXBuildFile; fileRef = D888AE1D20C40691001BE4E0 /* mic.png */; };
		D8A76E5620C958010034B2C1 /* chat.png in Resources */ = {isa = PBXBuildFile; fileRef = D8A76E5520C958010034B2C1 /* chat.png */; };
		D8DAF99020CA3FDB003C8961 /* TCLiveChatTableViewCell.m in Sources */ = {isa = PBXBuildFile; fileRef = D8DAF98F20CA3FDB003C8961 /* TCLiveChatTableViewCell.m */; };
		D8DAF99820CBAF0F003C8961 /* icon_sign@2x.png in Resources */ = {isa = PBXBuildFile; fileRef = D8DAF99620CBAF0E003C8961 /* icon_sign@2x.png */; };
		D8DAF99920CBAF0F003C8961 /* ic_toast_success@2x.png in Resources */ = {isa = PBXBuildFile; fileRef = D8DAF99720CBAF0F003C8961 /* ic_toast_success@2x.png */; };
		D8DAF99C20CBAF2C003C8961 /* UIToastView.m in Sources */ = {isa = PBXBuildFile; fileRef = D8DAF99B20CBAF2C003C8961 /* UIToastView.m */; };
		D8F8777E20CE5E0A00EE1693 /* ui_title_arrow_left.png in Resources */ = {isa = PBXBuildFile; fileRef = D8F8777D20CE5E0A00EE1693 /* ui_title_arrow_left.png */; };
/* End PBXBuildFile section */

/* Begin PBXContainerItemProxy section */
		D888AD3B20BFA153001BE4E0 /* PBXContainerItemProxy */ = {
			isa = PBXContainerItemProxy;
			containerPortal = D888AD1720BFA152001BE4E0 /* Project object */;
			proxyType = 1;
			remoteGlobalIDString = D888AD1E20BFA152001BE4E0;
			remoteInfo = TRTC;
		};
		D888AD4620BFA153001BE4E0 /* PBXContainerItemProxy */ = {
			isa = PBXContainerItemProxy;
			containerPortal = D888AD1720BFA152001BE4E0 /* Project object */;
			proxyType = 1;
			remoteGlobalIDString = D888AD1E20BFA152001BE4E0;
			remoteInfo = TRTC;
		};
/* End PBXContainerItemProxy section */

/* Begin PBXFileReference section */
		D81E446E20D2847800E40904 /* ear_0.png */ = {isa = PBXFileReference; lastKnownFileType = image.png; path = ear_0.png; sourceTree = "<group>"; };
		D81E446F20D2847800E40904 /* ear_1.png */ = {isa = PBXFileReference; lastKnownFileType = image.png; path = ear_1.png; sourceTree = "<group>"; };
		D81E447020D2847800E40904 /* ear_10.png */ = {isa = PBXFileReference; lastKnownFileType = image.png; path = ear_10.png; sourceTree = "<group>"; };
		D81E447120D2847800E40904 /* ear_11.png */ = {isa = PBXFileReference; lastKnownFileType = image.png; path = ear_11.png; sourceTree = "<group>"; };
		D81E447220D2847800E40904 /* ear_12.png */ = {isa = PBXFileReference; lastKnownFileType = image.png; path = ear_12.png; sourceTree = "<group>"; };
		D81E447320D2847800E40904 /* ear_13.png */ = {isa = PBXFileReference; lastKnownFileType = image.png; path = ear_13.png; sourceTree = "<group>"; };
		D81E447420D2847800E40904 /* ear_14.png */ = {isa = PBXFileReference; lastKnownFileType = image.png; path = ear_14.png; sourceTree = "<group>"; };
		D81E447520D2847800E40904 /* ear_15.png */ = {isa = PBXFileReference; lastKnownFileType = image.png; path = ear_15.png; sourceTree = "<group>"; };
		D81E447620D2847800E40904 /* ear_16.png */ = {isa = PBXFileReference; lastKnownFileType = image.png; path = ear_16.png; sourceTree = "<group>"; };
		D81E447720D2847800E40904 /* ear_17.png */ = {isa = PBXFileReference; lastKnownFileType = image.png; path = ear_17.png; sourceTree = "<group>"; };
		D81E447820D2847800E40904 /* ear_18.png */ = {isa = PBXFileReference; lastKnownFileType = image.png; path = ear_18.png; sourceTree = "<group>"; };
		D81E447920D2847800E40904 /* ear_19.png */ = {isa = PBXFileReference; lastKnownFileType = image.png; path = ear_19.png; sourceTree = "<group>"; };
		D81E447A20D2847800E40904 /* ear_2.png */ = {isa = PBXFileReference; lastKnownFileType = image.png; path = ear_2.png; sourceTree = "<group>"; };
		D81E447B20D2847800E40904 /* ear_20.png */ = {isa = PBXFileReference; lastKnownFileType = image.png; path = ear_20.png; sourceTree = "<group>"; };
		D81E447C20D2847800E40904 /* ear_21.png */ = {isa = PBXFileReference; lastKnownFileType = image.png; path = ear_21.png; sourceTree = "<group>"; };
		D81E447D20D2847800E40904 /* ear_22.png */ = {isa = PBXFileReference; lastKnownFileType = image.png; path = ear_22.png; sourceTree = "<group>"; };
		D81E447E20D2847800E40904 /* ear_23.png */ = {isa = PBXFileReference; lastKnownFileType = image.png; path = ear_23.png; sourceTree = "<group>"; };
		D81E447F20D2847800E40904 /* ear_3.png */ = {isa = PBXFileReference; lastKnownFileType = image.png; path = ear_3.png; sourceTree = "<group>"; };
		D81E448020D2847800E40904 /* ear_4.png */ = {isa = PBXFileReference; lastKnownFileType = image.png; path = ear_4.png; sourceTree = "<group>"; };
		D81E448120D2847800E40904 /* ear_5.png */ = {isa = PBXFileReference; lastKnownFileType = image.png; path = ear_5.png; sourceTree = "<group>"; };
		D81E448220D2847800E40904 /* ear_6.png */ = {isa = PBXFileReference; lastKnownFileType = image.png; path = ear_6.png; sourceTree = "<group>"; };
		D81E448320D2847800E40904 /* ear_7.png */ = {isa = PBXFileReference; lastKnownFileType = image.png; path = ear_7.png; sourceTree = "<group>"; };
		D81E448420D2847800E40904 /* ear_8.png */ = {isa = PBXFileReference; lastKnownFileType = image.png; path = ear_8.png; sourceTree = "<group>"; };
		D81E448520D2847800E40904 /* ear_9.png */ = {isa = PBXFileReference; lastKnownFileType = image.png; path = ear_9.png; sourceTree = "<group>"; };
		D81E448720D2847800E40904 /* huzi_0.png */ = {isa = PBXFileReference; lastKnownFileType = image.png; path = huzi_0.png; sourceTree = "<group>"; };
		D81E448820D2847800E40904 /* huzi_1.png */ = {isa = PBXFileReference; lastKnownFileType = image.png; path = huzi_1.png; sourceTree = "<group>"; };
		D81E448920D2847800E40904 /* huzi_10.png */ = {isa = PBXFileReference; lastKnownFileType = image.png; path = huzi_10.png; sourceTree = "<group>"; };
		D81E448A20D2847800E40904 /* huzi_11.png */ = {isa = PBXFileReference; lastKnownFileType = image.png; path = huzi_11.png; sourceTree = "<group>"; };
		D81E448B20D2847800E40904 /* huzi_2.png */ = {isa = PBXFileReference; lastKnownFileType = image.png; path = huzi_2.png; sourceTree = "<group>"; };
		D81E448C20D2847800E40904 /* huzi_3.png */ = {isa = PBXFileReference; lastKnownFileType = image.png; path = huzi_3.png; sourceTree = "<group>"; };
		D81E448D20D2847800E40904 /* huzi_4.png */ = {isa = PBXFileReference; lastKnownFileType = image.png; path = huzi_4.png; sourceTree = "<group>"; };
		D81E448E20D2847800E40904 /* huzi_5.png */ = {isa = PBXFileReference; lastKnownFileType = image.png; path = huzi_5.png; sourceTree = "<group>"; };
		D81E448F20D2847800E40904 /* huzi_6.png */ = {isa = PBXFileReference; lastKnownFileType = image.png; path = huzi_6.png; sourceTree = "<group>"; };
		D81E449020D2847800E40904 /* huzi_7.png */ = {isa = PBXFileReference; lastKnownFileType = image.png; path = huzi_7.png; sourceTree = "<group>"; };
		D81E449120D2847800E40904 /* huzi_8.png */ = {isa = PBXFileReference; lastKnownFileType = image.png; path = huzi_8.png; sourceTree = "<group>"; };
		D81E449220D2847800E40904 /* huzi_9.png */ = {isa = PBXFileReference; lastKnownFileType = image.png; path = huzi_9.png; sourceTree = "<group>"; };
		D81E449420D2847800E40904 /* nose_0.png */ = {isa = PBXFileReference; lastKnownFileType = image.png; path = nose_0.png; sourceTree = "<group>"; };
		D81E449520D2847800E40904 /* params.wmc */ = {isa = PBXFileReference; lastKnownFileType = file; path = params.wmc; sourceTree = "<group>"; };
		D81E449720D2847800E40904 /* tooth_0.png */ = {isa = PBXFileReference; lastKnownFileType = image.png; path = tooth_0.png; sourceTree = "<group>"; };
		D81E449820D2847800E40904 /* tooth_1.png */ = {isa = PBXFileReference; lastKnownFileType = image.png; path = tooth_1.png; sourceTree = "<group>"; };
		D81E449920D2847800E40904 /* tooth_10.png */ = {isa = PBXFileReference; lastKnownFileType = image.png; path = tooth_10.png; sourceTree = "<group>"; };
		D81E449A20D2847800E40904 /* tooth_11.png */ = {isa = PBXFileReference; lastKnownFileType = image.png; path = tooth_11.png; sourceTree = "<group>"; };
		D81E449B20D2847800E40904 /* tooth_12.png */ = {isa = PBXFileReference; lastKnownFileType = image.png; path = tooth_12.png; sourceTree = "<group>"; };
		D81E449C20D2847800E40904 /* tooth_13.png */ = {isa = PBXFileReference; lastKnownFileType = image.png; path = tooth_13.png; sourceTree = "<group>"; };
		D81E449D20D2847800E40904 /* tooth_14.png */ = {isa = PBXFileReference; lastKnownFileType = image.png; path = tooth_14.png; sourceTree = "<group>"; };
		D81E449E20D2847800E40904 /* tooth_15.png */ = {isa = PBXFileReference; lastKnownFileType = image.png; path = tooth_15.png; sourceTree = "<group>"; };
		D81E449F20D2847800E40904 /* tooth_16.png */ = {isa = PBXFileReference; lastKnownFileType = image.png; path = tooth_16.png; sourceTree = "<group>"; };
		D81E44A020D2847800E40904 /* tooth_17.png */ = {isa = PBXFileReference; lastKnownFileType = image.png; path = tooth_17.png; sourceTree = "<group>"; };
		D81E44A120D2847800E40904 /* tooth_18.png */ = {isa = PBXFileReference; lastKnownFileType = image.png; path = tooth_18.png; sourceTree = "<group>"; };
		D81E44A220D2847800E40904 /* tooth_19.png */ = {isa = PBXFileReference; lastKnownFileType = image.png; path = tooth_19.png; sourceTree = "<group>"; };
		D81E44A320D2847800E40904 /* tooth_2.png */ = {isa = PBXFileReference; lastKnownFileType = image.png; path = tooth_2.png; sourceTree = "<group>"; };
		D81E44A420D2847800E40904 /* tooth_20.png */ = {isa = PBXFileReference; lastKnownFileType = image.png; path = tooth_20.png; sourceTree = "<group>"; };
		D81E44A520D2847800E40904 /* tooth_21.png */ = {isa = PBXFileReference; lastKnownFileType = image.png; path = tooth_21.png; sourceTree = "<group>"; };
		D81E44A620D2847800E40904 /* tooth_22.png */ = {isa = PBXFileReference; lastKnownFileType = image.png; path = tooth_22.png; sourceTree = "<group>"; };
		D81E44A720D2847800E40904 /* tooth_23.png */ = {isa = PBXFileReference; lastKnownFileType = image.png; path = tooth_23.png; sourceTree = "<group>"; };
		D81E44A820D2847800E40904 /* tooth_3.png */ = {isa = PBXFileReference; lastKnownFileType = image.png; path = tooth_3.png; sourceTree = "<group>"; };
		D81E44A920D2847800E40904 /* tooth_4.png */ = {isa = PBXFileReference; lastKnownFileType = image.png; path = tooth_4.png; sourceTree = "<group>"; };
		D81E44AA20D2847800E40904 /* tooth_5.png */ = {isa = PBXFileReference; lastKnownFileType = image.png; path = tooth_5.png; sourceTree = "<group>"; };
		D81E44AB20D2847800E40904 /* tooth_6.png */ = {isa = PBXFileReference; lastKnownFileType = image.png; path = tooth_6.png; sourceTree = "<group>"; };
		D81E44AC20D2847800E40904 /* tooth_7.png */ = {isa = PBXFileReference; lastKnownFileType = image.png; path = tooth_7.png; sourceTree = "<group>"; };
		D81E44AD20D2847800E40904 /* tooth_8.png */ = {isa = PBXFileReference; lastKnownFileType = image.png; path = tooth_8.png; sourceTree = "<group>"; };
		D81E44AE20D2847800E40904 /* tooth_9.png */ = {isa = PBXFileReference; lastKnownFileType = image.png; path = tooth_9.png; sourceTree = "<group>"; };
		D81E44AF20D2847800E40904 /* video_rabbit.png */ = {isa = PBXFileReference; lastKnownFileType = image.png; path = video_rabbit.png; sourceTree = "<group>"; };
		D81E44B220D2847800E40904 /* apple.mp4 */ = {isa = PBXFileReference; lastKnownFileType = file; path = apple.mp4; sourceTree = "<group>"; };
		D81E44B420D2847800E40904 /* cloth_0.png */ = {isa = PBXFileReference; lastKnownFileType = image.png; path = cloth_0.png; sourceTree = "<group>"; };
		D81E44B620D2847800E40904 /* eyes.mp4 */ = {isa = PBXFileReference; lastKnownFileType = file; path = eyes.mp4; sourceTree = "<group>"; };
		D81E44B820D2847800E40904 /* head.mp4 */ = {isa = PBXFileReference; lastKnownFileType = file; path = head.mp4; sourceTree = "<group>"; };
		D81E44B920D2847800E40904 /* params.wmc */ = {isa = PBXFileReference; lastKnownFileType = file; path = params.wmc; sourceTree = "<group>"; };
		D81E44BA20D2847800E40904 /* video_snow_white.png */ = {isa = PBXFileReference; lastKnownFileType = image.png; path = video_snow_white.png; sourceTree = "<group>"; };
		D81E44BC20D2847800E40904 /* fennen.png */ = {isa = PBXFileReference; lastKnownFileType = image.png; path = fennen.png; sourceTree = "<group>"; };
		D81E44BD20D2847800E40904 /* huaijiu.png */ = {isa = PBXFileReference; lastKnownFileType = image.png; path = huaijiu.png; sourceTree = "<group>"; };
		D81E44BE20D2847800E40904 /* Info.plist */ = {isa = PBXFileReference; lastKnownFileType = file.bplist; path = Info.plist; sourceTree = "<group>"; };
		D81E44BF20D2847800E40904 /* landiao.png */ = {isa = PBXFileReference; lastKnownFileType = image.png; path = landiao.png; sourceTree = "<group>"; };
		D81E44C020D2847800E40904 /* langman.png */ = {isa = PBXFileReference; lastKnownFileType = image.png; path = langman.png; sourceTree = "<group>"; };
		D81E44C120D2847800E40904 /* qingliang.png */ = {isa = PBXFileReference; lastKnownFileType = image.png; path = qingliang.png; sourceTree = "<group>"; };
		D81E44C220D2847800E40904 /* qingxin.png */ = {isa = PBXFileReference; lastKnownFileType = image.png; path = qingxin.png; sourceTree = "<group>"; };
		D81E44C320D2847800E40904 /* rixi.png */ = {isa = PBXFileReference; lastKnownFileType = image.png; path = rixi.png; sourceTree = "<group>"; };
		D81E44C420D2847800E40904 /* weimei.png */ = {isa = PBXFileReference; lastKnownFileType = image.png; path = weimei.png; sourceTree = "<group>"; };
		D81E44C520D2847800E40904 /* white.png */ = {isa = PBXFileReference; lastKnownFileType = image.png; path = white.png; sourceTree = "<group>"; };
		D81E44C720D2847800E40904 /* TXCRenderView.h */ = {isa = PBXFileReference; fileEncoding = 4; lastKnownFileType = sourcecode.c.h; path = TXCRenderView.h; sourceTree = "<group>"; };
		D81E44C820D2847800E40904 /* TXCVideoPreprocessor.h */ = {isa = PBXFileReference; fileEncoding = 4; lastKnownFileType = sourcecode.c.h; path = TXCVideoPreprocessor.h; sourceTree = "<group>"; };
		D81E44C920D2847800E40904 /* TXEVideoPreprocessorDef.h */ = {isa = PBXFileReference; fileEncoding = 4; lastKnownFileType = sourcecode.c.h; path = TXEVideoPreprocessorDef.h; sourceTree = "<group>"; };
		D81E44CA20D2847800E40904 /* TXEVideoTypeDef.h */ = {isa = PBXFileReference; fileEncoding = 4; lastKnownFileType = sourcecode.c.h; path = TXEVideoTypeDef.h; sourceTree = "<group>"; };
		D81E44CB20D2847800E40904 /* TXINotifyDelegate.h */ = {isa = PBXFileReference; fileEncoding = 4; lastKnownFileType = sourcecode.c.h; path = TXINotifyDelegate.h; sourceTree = "<group>"; };
		D81E44CC20D2847800E40904 /* TXIVideoPreprocessorDelegate.h */ = {isa = PBXFileReference; fileEncoding = 4; lastKnownFileType = sourcecode.c.h; path = TXIVideoPreprocessorDelegate.h; sourceTree = "<group>"; };
		D81E44CD20D2847800E40904 /* libTXMBasic.a */ = {isa = PBXFileReference; lastKnownFileType = archive.ar; path = libTXMBasic.a; sourceTree = "<group>"; };
		D81E44CE20D2847800E40904 /* libTXMRenderer.a */ = {isa = PBXFileReference; lastKnownFileType = archive.ar; path = libTXMRenderer.a; sourceTree = "<group>"; };
		D81E44CF20D2847800E40904 /* libTXMVideoPreprocessor.a */ = {isa = PBXFileReference; lastKnownFileType = archive.ar; path = libTXMVideoPreprocessor.a; sourceTree = "<group>"; };
		D81E44D120D2847800E40904 /* FilterEngine.bundle */ = {isa = PBXFileReference; lastKnownFileType = "wrapper.plug-in"; path = FilterEngine.bundle; sourceTree = "<group>"; };
		D81E44D220D2847800E40904 /* GPUImage.framework */ = {isa = PBXFileReference; lastKnownFileType = wrapper.framework; path = GPUImage.framework; sourceTree = "<group>"; };
		D81E44D320D2847800E40904 /* libcrypto.a */ = {isa = PBXFileReference; lastKnownFileType = archive.ar; path = libcrypto.a; sourceTree = "<group>"; };
		D81E44D420D2847800E40904 /* libssl.a */ = {isa = PBXFileReference; lastKnownFileType = archive.ar; path = libssl.a; sourceTree = "<group>"; };
		D81E44D620D2847800E40904 /* PE.dat */ = {isa = PBXFileReference; lastKnownFileType = file; path = PE.dat; sourceTree = "<group>"; };
		D81E44D720D2847800E40904 /* ufa.bundle */ = {isa = PBXFileReference; lastKnownFileType = "wrapper.plug-in"; path = ufa.bundle; sourceTree = "<group>"; };
		D81E44D820D2847800E40904 /* youtubeauty.bundle */ = {isa = PBXFileReference; lastKnownFileType = "wrapper.plug-in"; path = youtubeauty.bundle; sourceTree = "<group>"; };
		D81E453220D284E100E40904 /* AssetsLibrary.framework */ = {isa = PBXFileReference; lastKnownFileType = wrapper.framework; name = AssetsLibrary.framework; path = System/Library/Frameworks/AssetsLibrary.framework; sourceTree = SDKROOT; };
		D81E453420D284F300E40904 /* AVFoundation.framework */ = {isa = PBXFileReference; lastKnownFileType = wrapper.framework; name = AVFoundation.framework; path = System/Library/Frameworks/AVFoundation.framework; sourceTree = SDKROOT; };
		D81E453620D2851200E40904 /* ImageIO.framework */ = {isa = PBXFileReference; lastKnownFileType = wrapper.framework; name = ImageIO.framework; path = System/Library/Frameworks/ImageIO.framework; sourceTree = SDKROOT; };
		D81E453820D2851F00E40904 /* JavaScriptCore.framework */ = {isa = PBXFileReference; lastKnownFileType = wrapper.framework; name = JavaScriptCore.framework; path = System/Library/Frameworks/JavaScriptCore.framework; sourceTree = SDKROOT; };
		D81E453A20D28A7700E40904 /* OpenGLES.framework */ = {isa = PBXFileReference; lastKnownFileType = wrapper.framework; name = OpenGLES.framework; path = System/Library/Frameworks/OpenGLES.framework; sourceTree = SDKROOT; };
		D81E453C20D28A9100E40904 /* QuartzCore.framework */ = {isa = PBXFileReference; lastKnownFileType = wrapper.framework; name = QuartzCore.framework; path = System/Library/Frameworks/QuartzCore.framework; sourceTree = SDKROOT; };
		D81E453E20D28AB100E40904 /* VideoToolbox.framework */ = {isa = PBXFileReference; lastKnownFileType = wrapper.framework; name = VideoToolbox.framework; path = System/Library/Frameworks/VideoToolbox.framework; sourceTree = SDKROOT; };
		D81E454020D28ACE00E40904 /* libicucore.tbd */ = {isa = PBXFileReference; lastKnownFileType = "sourcecode.text-based-dylib-definition"; name = libicucore.tbd; path = usr/lib/libicucore.tbd; sourceTree = SDKROOT; };
		D81E454220D28AFA00E40904 /* libstdc++.tbd */ = {isa = PBXFileReference; lastKnownFileType = "sourcecode.text-based-dylib-definition"; name = "libstdc++.tbd"; path = "usr/lib/libstdc++.tbd"; sourceTree = SDKROOT; };
		D841719B20C62F2C00177BCD /* bg.png */ = {isa = PBXFileReference; lastKnownFileType = image.png; path = bg.png; sourceTree = "<group>"; };
		D841719E20C6353C00177BCD /* UIColorEX.h */ = {isa = PBXFileReference; lastKnownFileType = sourcecode.c.h; path = UIColorEX.h; sourceTree = "<group>"; };
		D841719F20C6353C00177BCD /* UIColorEX.m */ = {isa = PBXFileReference; lastKnownFileType = sourcecode.c.objc; path = UIColorEX.m; sourceTree = "<group>"; };
		D84171A420C6811200177BCD /* RefreshFooter.h */ = {isa = PBXFileReference; lastKnownFileType = sourcecode.c.h; path = RefreshFooter.h; sourceTree = "<group>"; };
		D84171A520C6811200177BCD /* RefreshFooter.m */ = {isa = PBXFileReference; lastKnownFileType = sourcecode.c.objc; path = RefreshFooter.m; sourceTree = "<group>"; };
		D84171A720C6817100177BCD /* RefreshHeader.h */ = {isa = PBXFileReference; lastKnownFileType = sourcecode.c.h; path = RefreshHeader.h; sourceTree = "<group>"; };
		D84171A820C6817100177BCD /* RefreshHeader.m */ = {isa = PBXFileReference; lastKnownFileType = sourcecode.c.objc; path = RefreshHeader.m; sourceTree = "<group>"; };
		D879E03420C7CE490078E970 /* muti_room_bg.png */ = {isa = PBXFileReference; lastKnownFileType = image.png; path = muti_room_bg.png; sourceTree = "<group>"; };
		D879E03620C7D1E10078E970 /* feedback.png */ = {isa = PBXFileReference; lastKnownFileType = image.png; path = feedback.png; sourceTree = "<group>"; };
		D879E03820C7D1E90078E970 /* role.png */ = {isa = PBXFileReference; lastKnownFileType = image.png; path = role.png; sourceTree = "<group>"; };
		D879E07920C827A70078E970 /* IMCore.framework */ = {isa = PBXFileReference; lastKnownFileType = wrapper.framework; path = IMCore.framework; sourceTree = "<group>"; };
		D879E07A20C827A70078E970 /* ImSDK.framework */ = {isa = PBXFileReference; lastKnownFileType = wrapper.framework; path = ImSDK.framework; sourceTree = "<group>"; };
		D879E07B20C827A70078E970 /* IMSDKBugly.framework */ = {isa = PBXFileReference; lastKnownFileType = wrapper.framework; path = IMSDKBugly.framework; sourceTree = "<group>"; };
		D879E07C20C827A70078E970 /* QALSDK.framework */ = {isa = PBXFileReference; lastKnownFileType = wrapper.framework; path = QALSDK.framework; sourceTree = "<group>"; };
		D879E07D20C827A70078E970 /* TLSSDK.framework */ = {isa = PBXFileReference; lastKnownFileType = wrapper.framework; path = TLSSDK.framework; sourceTree = "<group>"; };
		D888AD1F20BFA152001BE4E0 /* 腾讯视频通话.app */ = {isa = PBXFileReference; explicitFileType = wrapper.application; includeInIndex = 0; path = "腾讯视频通话.app"; sourceTree = BUILT_PRODUCTS_DIR; };
		D888AD2220BFA152001BE4E0 /* AppDelegate.h */ = {isa = PBXFileReference; lastKnownFileType = sourcecode.c.h; path = AppDelegate.h; sourceTree = "<group>"; };
		D888AD2320BFA152001BE4E0 /* AppDelegate.m */ = {isa = PBXFileReference; lastKnownFileType = sourcecode.c.objc; path = AppDelegate.m; sourceTree = "<group>"; };
		D888AD2520BFA152001BE4E0 /* TCLiveJoinRoomViewController.h */ = {isa = PBXFileReference; lastKnownFileType = sourcecode.c.h; path = TCLiveJoinRoomViewController.h; sourceTree = "<group>"; };
		D888AD2620BFA152001BE4E0 /* TCLiveJoinRoomViewController.m */ = {isa = PBXFileReference; lastKnownFileType = sourcecode.c.objc; path = TCLiveJoinRoomViewController.m; sourceTree = "<group>"; };
		D888AD2920BFA152001BE4E0 /* Base */ = {isa = PBXFileReference; lastKnownFileType = file.storyboard; name = Base; path = Base.lproj/Main.storyboard; sourceTree = "<group>"; };
		D888AD2C20BFA152001BE4E0 /* TRTC.xcdatamodel */ = {isa = PBXFileReference; lastKnownFileType = wrapper.xcdatamodel; path = TRTC.xcdatamodel; sourceTree = "<group>"; };
		D888AD2E20BFA153001BE4E0 /* Assets.xcassets */ = {isa = PBXFileReference; lastKnownFileType = folder.assetcatalog; path = Assets.xcassets; sourceTree = "<group>"; };
		D888AD3120BFA153001BE4E0 /* Base */ = {isa = PBXFileReference; lastKnownFileType = file.storyboard; name = Base; path = Base.lproj/LaunchScreen.storyboard; sourceTree = "<group>"; };
		D888AD3320BFA153001BE4E0 /* Info.plist */ = {isa = PBXFileReference; lastKnownFileType = text.plist.xml; path = Info.plist; sourceTree = "<group>"; };
		D888AD3420BFA153001BE4E0 /* main.m */ = {isa = PBXFileReference; lastKnownFileType = sourcecode.c.objc; path = main.m; sourceTree = "<group>"; };
		D888AD3A20BFA153001BE4E0 /* TRTCTests.xctest */ = {isa = PBXFileReference; explicitFileType = wrapper.cfbundle; includeInIndex = 0; path = TRTCTests.xctest; sourceTree = BUILT_PRODUCTS_DIR; };
		D888AD3E20BFA153001BE4E0 /* TRTCTests.m */ = {isa = PBXFileReference; lastKnownFileType = sourcecode.c.objc; path = TRTCTests.m; sourceTree = "<group>"; };
		D888AD4020BFA153001BE4E0 /* Info.plist */ = {isa = PBXFileReference; lastKnownFileType = text.plist.xml; path = Info.plist; sourceTree = "<group>"; };
		D888AD4520BFA153001BE4E0 /* TRTCUITests.xctest */ = {isa = PBXFileReference; explicitFileType = wrapper.cfbundle; includeInIndex = 0; path = TRTCUITests.xctest; sourceTree = BUILT_PRODUCTS_DIR; };
		D888AD4920BFA153001BE4E0 /* TRTCUITests.m */ = {isa = PBXFileReference; lastKnownFileType = sourcecode.c.objc; path = TRTCUITests.m; sourceTree = "<group>"; };
		D888AD4B20BFA153001BE4E0 /* Info.plist */ = {isa = PBXFileReference; lastKnownFileType = text.plist.xml; path = Info.plist; sourceTree = "<group>"; };
		D888AD5920BFA543001BE4E0 /* QAVSDK.framework */ = {isa = PBXFileReference; lastKnownFileType = wrapper.framework; path = QAVSDK.framework; sourceTree = "<group>"; };
		D888AD6A20BFA58C001BE4E0 /* ILiveLogReport.framework */ = {isa = PBXFileReference; lastKnownFileType = wrapper.framework; path = ILiveLogReport.framework; sourceTree = "<group>"; };
		D888AD6B20BFA58C001BE4E0 /* ILiveSDK.framework */ = {isa = PBXFileReference; lastKnownFileType = wrapper.framework; path = ILiveSDK.framework; sourceTree = "<group>"; };
		D888AD6C20BFA58C001BE4E0 /* TILLiveSDK.framework */ = {isa = PBXFileReference; lastKnownFileType = wrapper.framework; path = TILLiveSDK.framework; sourceTree = "<group>"; };
		D888AD7220BFA5E7001BE4E0 /* UIKit.framework */ = {isa = PBXFileReference; lastKnownFileType = wrapper.framework; name = UIKit.framework; path = System/Library/Frameworks/UIKit.framework; sourceTree = SDKROOT; };
		D888AD7420BFA607001BE4E0 /* CoreVideo.framework */ = {isa = PBXFileReference; lastKnownFileType = wrapper.framework; name = CoreVideo.framework; path = System/Library/Frameworks/CoreVideo.framework; sourceTree = SDKROOT; };
		D888AD7620BFA60F001BE4E0 /* Accelerate.framework */ = {isa = PBXFileReference; lastKnownFileType = wrapper.framework; name = Accelerate.framework; path = System/Library/Frameworks/Accelerate.framework; sourceTree = SDKROOT; };
		D888AD7820BFA618001BE4E0 /* SystemConfiguration.framework */ = {isa = PBXFileReference; lastKnownFileType = wrapper.framework; name = SystemConfiguration.framework; path = System/Library/Frameworks/SystemConfiguration.framework; sourceTree = SDKROOT; };
		D888AD7A20BFA621001BE4E0 /* CoreMedia.framework */ = {isa = PBXFileReference; lastKnownFileType = wrapper.framework; name = CoreMedia.framework; path = System/Library/Frameworks/CoreMedia.framework; sourceTree = SDKROOT; };
		D888AD7C20BFA628001BE4E0 /* CoreGraphics.framework */ = {isa = PBXFileReference; lastKnownFileType = wrapper.framework; name = CoreGraphics.framework; path = System/Library/Frameworks/CoreGraphics.framework; sourceTree = SDKROOT; };
		D888AD9420BFABD0001BE4E0 /* OpenAL.framework */ = {isa = PBXFileReference; lastKnownFileType = wrapper.framework; name = OpenAL.framework; path = System/Library/Frameworks/OpenAL.framework; sourceTree = SDKROOT; };
		D888AD9620BFACEB001BE4E0 /* libprotobuf.tbd */ = {isa = PBXFileReference; lastKnownFileType = "sourcecode.text-based-dylib-definition"; name = libprotobuf.tbd; path = usr/lib/libprotobuf.tbd; sourceTree = SDKROOT; };
		D888AD9820BFACFC001BE4E0 /* libsqlite3.0.tbd */ = {isa = PBXFileReference; lastKnownFileType = "sourcecode.text-based-dylib-definition"; name = libsqlite3.0.tbd; path = usr/lib/libsqlite3.0.tbd; sourceTree = SDKROOT; };
		D888AD9A20BFAD06001BE4E0 /* libresolv.tbd */ = {isa = PBXFileReference; lastKnownFileType = "sourcecode.text-based-dylib-definition"; name = libresolv.tbd; path = usr/lib/libresolv.tbd; sourceTree = SDKROOT; };
		D888AD9C20BFAD0F001BE4E0 /* libz.tbd */ = {isa = PBXFileReference; lastKnownFileType = "sourcecode.text-based-dylib-definition"; name = libz.tbd; path = usr/lib/libz.tbd; sourceTree = SDKROOT; };
		D888AD9E20BFAD19001BE4E0 /* libbz2.tbd */ = {isa = PBXFileReference; lastKnownFileType = "sourcecode.text-based-dylib-definition"; name = libbz2.tbd; path = usr/lib/libbz2.tbd; sourceTree = SDKROOT; };
		D888ADA020BFAD23001BE4E0 /* libc++.tbd */ = {isa = PBXFileReference; lastKnownFileType = "sourcecode.text-based-dylib-definition"; name = "libc++.tbd"; path = "usr/lib/libc++.tbd"; sourceTree = SDKROOT; };
		D888ADA220BFAD2E001BE4E0 /* libstdc++.6.tbd */ = {isa = PBXFileReference; lastKnownFileType = "sourcecode.text-based-dylib-definition"; name = "libstdc++.6.tbd"; path = "usr/lib/libstdc++.6.tbd"; sourceTree = SDKROOT; };
		D888ADA420BFAE04001BE4E0 /* libiconv.tbd */ = {isa = PBXFileReference; lastKnownFileType = "sourcecode.text-based-dylib-definition"; name = libiconv.tbd; path = usr/lib/libiconv.tbd; sourceTree = SDKROOT; };
		D888ADE420BFD4EB001BE4E0 /* TCLiveRequestManager.h */ = {isa = PBXFileReference; lastKnownFileType = sourcecode.c.h; path = TCLiveRequestManager.h; sourceTree = "<group>"; };
		D888ADE520BFD4EB001BE4E0 /* TCLiveRequestManager.m */ = {isa = PBXFileReference; lastKnownFileType = sourcecode.c.objc; path = TCLiveRequestManager.m; sourceTree = "<group>"; };
		D888ADF320C04237001BE4E0 /* TCLiveRoomViewController.h */ = {isa = PBXFileReference; lastKnownFileType = sourcecode.c.h; path = TCLiveRoomViewController.h; sourceTree = "<group>"; };
		D888ADF420C04237001BE4E0 /* TCLiveRoomViewController.m */ = {isa = PBXFileReference; lastKnownFileType = sourcecode.c.objc; path = TCLiveRoomViewController.m; sourceTree = "<group>"; };
		D888ADF920C3D9F0001BE4E0 /* TCLiveVideoLayoutView.h */ = {isa = PBXFileReference; lastKnownFileType = sourcecode.c.h; path = TCLiveVideoLayoutView.h; sourceTree = "<group>"; };
		D888ADFA20C3D9F0001BE4E0 /* TCLiveVideoLayoutView.m */ = {isa = PBXFileReference; lastKnownFileType = sourcecode.c.objc; path = TCLiveVideoLayoutView.m; sourceTree = "<group>"; };
		D888ADFC20C3EC63001BE4E0 /* TCLiveVideoControlBar.h */ = {isa = PBXFileReference; lastKnownFileType = sourcecode.c.h; path = TCLiveVideoControlBar.h; sourceTree = "<group>"; };
		D888ADFD20C3EC63001BE4E0 /* TCLiveVideoControlBar.m */ = {isa = PBXFileReference; lastKnownFileType = sourcecode.c.objc; path = TCLiveVideoControlBar.m; sourceTree = "<group>"; };
		D888ADFF20C3F2E6001BE4E0 /* TCLiveChatTableView.h */ = {isa = PBXFileReference; lastKnownFileType = sourcecode.c.h; path = TCLiveChatTableView.h; sourceTree = "<group>"; };
		D888AE0020C3F2E6001BE4E0 /* TCLiveChatTableView.m */ = {isa = PBXFileReference; lastKnownFileType = sourcecode.c.objc; path = TCLiveChatTableView.m; sourceTree = "<group>"; };
		D888AE0820C40690001BE4E0 /* beauty-dis.png */ = {isa = PBXFileReference; lastKnownFileType = image.png; path = "beauty-dis.png"; sourceTree = "<group>"; };
		D888AE0920C40690001BE4E0 /* beauty.png */ = {isa = PBXFileReference; lastKnownFileType = image.png; path = beauty.png; sourceTree = "<group>"; };
		D888AE0B20C40690001BE4E0 /* camera-gray.png */ = {isa = PBXFileReference; lastKnownFileType = image.png; path = "camera-gray.png"; sourceTree = "<group>"; };
		D888AE0C20C40690001BE4E0 /* camera.png */ = {isa = PBXFileReference; lastKnownFileType = image.png; path = camera.png; sourceTree = "<group>"; };
		D888AE0D20C40690001BE4E0 /* doubleroom.png */ = {isa = PBXFileReference; lastKnownFileType = image.png; path = doubleroom.png; sourceTree = "<group>"; };
		D888AE1820C40690001BE4E0 /* log.png */ = {isa = PBXFileReference; lastKnownFileType = image.png; path = log.png; sourceTree = "<group>"; };
		D888AE1920C40690001BE4E0 /* log2.png */ = {isa = PBXFileReference; lastKnownFileType = image.png; path = log2.png; sourceTree = "<group>"; };
		D888AE1C20C40691001BE4E0 /* mic-dis.png */ = {isa = PBXFileReference; lastKnownFileType = image.png; path = "mic-dis.png"; sourceTree = "<group>"; };
		D888AE1D20C40691001BE4E0 /* mic.png */ = {isa = PBXFileReference; lastKnownFileType = image.png; path = mic.png; sourceTree = "<group>"; };
		D8A76E5520C958010034B2C1 /* chat.png */ = {isa = PBXFileReference; lastKnownFileType = image.png; path = chat.png; sourceTree = "<group>"; };
		D8DAF98E20CA3FDB003C8961 /* TCLiveChatTableViewCell.h */ = {isa = PBXFileReference; lastKnownFileType = sourcecode.c.h; path = TCLiveChatTableViewCell.h; sourceTree = "<group>"; };
		D8DAF98F20CA3FDB003C8961 /* TCLiveChatTableViewCell.m */ = {isa = PBXFileReference; lastKnownFileType = sourcecode.c.objc; path = TCLiveChatTableViewCell.m; sourceTree = "<group>"; };
		D8DAF99620CBAF0E003C8961 /* icon_sign@2x.png */ = {isa = PBXFileReference; lastKnownFileType = image.png; path = "icon_sign@2x.png"; sourceTree = "<group>"; };
		D8DAF99720CBAF0F003C8961 /* ic_toast_success@2x.png */ = {isa = PBXFileReference; lastKnownFileType = image.png; path = "ic_toast_success@2x.png"; sourceTree = "<group>"; };
		D8DAF99A20CBAF2C003C8961 /* UIToastView.h */ = {isa = PBXFileReference; lastKnownFileType = sourcecode.c.h; path = UIToastView.h; sourceTree = "<group>"; };
		D8DAF99B20CBAF2C003C8961 /* UIToastView.m */ = {isa = PBXFileReference; lastKnownFileType = sourcecode.c.objc; path = UIToastView.m; sourceTree = "<group>"; };
		D8F8777D20CE5E0A00EE1693 /* ui_title_arrow_left.png */ = {isa = PBXFileReference; lastKnownFileType = image.png; path = ui_title_arrow_left.png; sourceTree = "<group>"; };
/* End PBXFileReference section */

/* Begin PBXFrameworksBuildPhase section */
		D888AD1C20BFA152001BE4E0 /* Frameworks */ = {
			isa = PBXFrameworksBuildPhase;
			buildActionMask = 2147483647;
			files = (
				D81E454320D28AFA00E40904 /* libstdc++.tbd in Frameworks */,
				D81E454120D28ACE00E40904 /* libicucore.tbd in Frameworks */,
				D81E453F20D28AB200E40904 /* VideoToolbox.framework in Frameworks */,
				D81E453D20D28A9100E40904 /* QuartzCore.framework in Frameworks */,
				D81E453B20D28A7700E40904 /* OpenGLES.framework in Frameworks */,
				D81E453920D2851F00E40904 /* JavaScriptCore.framework in Frameworks */,
				D81E453720D2851200E40904 /* ImageIO.framework in Frameworks */,
				D81E453520D284F400E40904 /* AVFoundation.framework in Frameworks */,
				D81E453320D284E100E40904 /* AssetsLibrary.framework in Frameworks */,
				D888ADA520BFAE04001BE4E0 /* libiconv.tbd in Frameworks */,
				D888ADA320BFAD2E001BE4E0 /* libstdc++.6.tbd in Frameworks */,
				D888ADA120BFAD23001BE4E0 /* libc++.tbd in Frameworks */,
				D888AD9F20BFAD1A001BE4E0 /* libbz2.tbd in Frameworks */,
				D888AD9D20BFAD0F001BE4E0 /* libz.tbd in Frameworks */,
				D888AD9B20BFAD07001BE4E0 /* libresolv.tbd in Frameworks */,
				D81E452920D2847800E40904 /* libTXMRenderer.a in Frameworks */,
				D888AD9920BFACFC001BE4E0 /* libsqlite3.0.tbd in Frameworks */,
				D81E452A20D2847800E40904 /* libTXMVideoPreprocessor.a in Frameworks */,
				D81E452D20D2847900E40904 /* libcrypto.a in Frameworks */,
				D879E07E20C827A70078E970 /* IMCore.framework in Frameworks */,
				D888AD9720BFACEB001BE4E0 /* libprotobuf.tbd in Frameworks */,
				D879E08220C827A70078E970 /* TLSSDK.framework in Frameworks */,
				D888AD9520BFABD0001BE4E0 /* OpenAL.framework in Frameworks */,
				D888AD7D20BFA628001BE4E0 /* CoreGraphics.framework in Frameworks */,
				D888AD7B20BFA621001BE4E0 /* CoreMedia.framework in Frameworks */,
				D888AD7920BFA618001BE4E0 /* SystemConfiguration.framework in Frameworks */,
				D879E08020C827A70078E970 /* IMSDKBugly.framework in Frameworks */,
				D879E08120C827A70078E970 /* QALSDK.framework in Frameworks */,
				D888AD7720BFA60F001BE4E0 /* Accelerate.framework in Frameworks */,
				D81E452E20D2847900E40904 /* libssl.a in Frameworks */,
				D888AD7520BFA607001BE4E0 /* CoreVideo.framework in Frameworks */,
				D888AD7320BFA5E7001BE4E0 /* UIKit.framework in Frameworks */,
				D888AD5A20BFA543001BE4E0 /* QAVSDK.framework in Frameworks */,
				D879E07F20C827A70078E970 /* ImSDK.framework in Frameworks */,
				D888AD6E20BFA58D001BE4E0 /* ILiveSDK.framework in Frameworks */,
				D81E452820D2847800E40904 /* libTXMBasic.a in Frameworks */,
				D81E452C20D2847900E40904 /* GPUImage.framework in Frameworks */,
				D888AD6D20BFA58D001BE4E0 /* ILiveLogReport.framework in Frameworks */,
				D888AD6F20BFA58D001BE4E0 /* TILLiveSDK.framework in Frameworks */,
			);
			runOnlyForDeploymentPostprocessing = 0;
		};
		D888AD3720BFA153001BE4E0 /* Frameworks */ = {
			isa = PBXFrameworksBuildPhase;
			buildActionMask = 2147483647;
			files = (
			);
			runOnlyForDeploymentPostprocessing = 0;
		};
		D888AD4220BFA153001BE4E0 /* Frameworks */ = {
			isa = PBXFrameworksBuildPhase;
			buildActionMask = 2147483647;
			files = (
			);
			runOnlyForDeploymentPostprocessing = 0;
		};
/* End PBXFrameworksBuildPhase section */

/* Begin PBXGroup section */
		D81E446A20D2847800E40904 /* BeautySDK */ = {
			isa = PBXGroup;
			children = (
				D81E446B20D2847800E40904 /* BeautyResource */,
				D81E44BB20D2847800E40904 /* FilterResource */,
				D81E44C620D2847800E40904 /* include */,
				D81E44CD20D2847800E40904 /* libTXMBasic.a */,
				D81E44CE20D2847800E40904 /* libTXMRenderer.a */,
				D81E44CF20D2847800E40904 /* libTXMVideoPreprocessor.a */,
				D81E44D020D2847800E40904 /* Pitu */,
			);
			path = BeautySDK;
			sourceTree = "<group>";
		};
		D81E446B20D2847800E40904 /* BeautyResource */ = {
			isa = PBXGroup;
			children = (
				D81E446C20D2847800E40904 /* video_rabbit */,
				D81E44B020D2847800E40904 /* video_snow_white */,
			);
			path = BeautyResource;
			sourceTree = "<group>";
		};
		D81E446C20D2847800E40904 /* video_rabbit */ = {
			isa = PBXGroup;
			children = (
				D81E446D20D2847800E40904 /* ear */,
				D81E448620D2847800E40904 /* huzi */,
				D81E449320D2847800E40904 /* nose */,
				D81E449520D2847800E40904 /* params.wmc */,
				D81E449620D2847800E40904 /* tooth */,
				D81E44AF20D2847800E40904 /* video_rabbit.png */,
			);
			path = video_rabbit;
			sourceTree = "<group>";
		};
		D81E446D20D2847800E40904 /* ear */ = {
			isa = PBXGroup;
			children = (
				D81E446E20D2847800E40904 /* ear_0.png */,
				D81E446F20D2847800E40904 /* ear_1.png */,
				D81E447020D2847800E40904 /* ear_10.png */,
				D81E447120D2847800E40904 /* ear_11.png */,
				D81E447220D2847800E40904 /* ear_12.png */,
				D81E447320D2847800E40904 /* ear_13.png */,
				D81E447420D2847800E40904 /* ear_14.png */,
				D81E447520D2847800E40904 /* ear_15.png */,
				D81E447620D2847800E40904 /* ear_16.png */,
				D81E447720D2847800E40904 /* ear_17.png */,
				D81E447820D2847800E40904 /* ear_18.png */,
				D81E447920D2847800E40904 /* ear_19.png */,
				D81E447A20D2847800E40904 /* ear_2.png */,
				D81E447B20D2847800E40904 /* ear_20.png */,
				D81E447C20D2847800E40904 /* ear_21.png */,
				D81E447D20D2847800E40904 /* ear_22.png */,
				D81E447E20D2847800E40904 /* ear_23.png */,
				D81E447F20D2847800E40904 /* ear_3.png */,
				D81E448020D2847800E40904 /* ear_4.png */,
				D81E448120D2847800E40904 /* ear_5.png */,
				D81E448220D2847800E40904 /* ear_6.png */,
				D81E448320D2847800E40904 /* ear_7.png */,
				D81E448420D2847800E40904 /* ear_8.png */,
				D81E448520D2847800E40904 /* ear_9.png */,
			);
			path = ear;
			sourceTree = "<group>";
		};
		D81E448620D2847800E40904 /* huzi */ = {
			isa = PBXGroup;
			children = (
				D81E448720D2847800E40904 /* huzi_0.png */,
				D81E448820D2847800E40904 /* huzi_1.png */,
				D81E448920D2847800E40904 /* huzi_10.png */,
				D81E448A20D2847800E40904 /* huzi_11.png */,
				D81E448B20D2847800E40904 /* huzi_2.png */,
				D81E448C20D2847800E40904 /* huzi_3.png */,
				D81E448D20D2847800E40904 /* huzi_4.png */,
				D81E448E20D2847800E40904 /* huzi_5.png */,
				D81E448F20D2847800E40904 /* huzi_6.png */,
				D81E449020D2847800E40904 /* huzi_7.png */,
				D81E449120D2847800E40904 /* huzi_8.png */,
				D81E449220D2847800E40904 /* huzi_9.png */,
			);
			path = huzi;
			sourceTree = "<group>";
		};
		D81E449320D2847800E40904 /* nose */ = {
			isa = PBXGroup;
			children = (
				D81E449420D2847800E40904 /* nose_0.png */,
			);
			path = nose;
			sourceTree = "<group>";
		};
		D81E449620D2847800E40904 /* tooth */ = {
			isa = PBXGroup;
			children = (
				D81E449720D2847800E40904 /* tooth_0.png */,
				D81E449820D2847800E40904 /* tooth_1.png */,
				D81E449920D2847800E40904 /* tooth_10.png */,
				D81E449A20D2847800E40904 /* tooth_11.png */,
				D81E449B20D2847800E40904 /* tooth_12.png */,
				D81E449C20D2847800E40904 /* tooth_13.png */,
				D81E449D20D2847800E40904 /* tooth_14.png */,
				D81E449E20D2847800E40904 /* tooth_15.png */,
				D81E449F20D2847800E40904 /* tooth_16.png */,
				D81E44A020D2847800E40904 /* tooth_17.png */,
				D81E44A120D2847800E40904 /* tooth_18.png */,
				D81E44A220D2847800E40904 /* tooth_19.png */,
				D81E44A320D2847800E40904 /* tooth_2.png */,
				D81E44A420D2847800E40904 /* tooth_20.png */,
				D81E44A520D2847800E40904 /* tooth_21.png */,
				D81E44A620D2847800E40904 /* tooth_22.png */,
				D81E44A720D2847800E40904 /* tooth_23.png */,
				D81E44A820D2847800E40904 /* tooth_3.png */,
				D81E44A920D2847800E40904 /* tooth_4.png */,
				D81E44AA20D2847800E40904 /* tooth_5.png */,
				D81E44AB20D2847800E40904 /* tooth_6.png */,
				D81E44AC20D2847800E40904 /* tooth_7.png */,
				D81E44AD20D2847800E40904 /* tooth_8.png */,
				D81E44AE20D2847800E40904 /* tooth_9.png */,
			);
			path = tooth;
			sourceTree = "<group>";
		};
		D81E44B020D2847800E40904 /* video_snow_white */ = {
			isa = PBXGroup;
			children = (
				D81E44B120D2847800E40904 /* apple */,
				D81E44B320D2847800E40904 /* cloth */,
				D81E44B520D2847800E40904 /* eyes */,
				D81E44B720D2847800E40904 /* head */,
				D81E44B920D2847800E40904 /* params.wmc */,
				D81E44BA20D2847800E40904 /* video_snow_white.png */,
			);
			path = video_snow_white;
			sourceTree = "<group>";
		};
		D81E44B120D2847800E40904 /* apple */ = {
			isa = PBXGroup;
			children = (
				D81E44B220D2847800E40904 /* apple.mp4 */,
			);
			path = apple;
			sourceTree = "<group>";
		};
		D81E44B320D2847800E40904 /* cloth */ = {
			isa = PBXGroup;
			children = (
				D81E44B420D2847800E40904 /* cloth_0.png */,
			);
			path = cloth;
			sourceTree = "<group>";
		};
		D81E44B520D2847800E40904 /* eyes */ = {
			isa = PBXGroup;
			children = (
				D81E44B620D2847800E40904 /* eyes.mp4 */,
			);
			path = eyes;
			sourceTree = "<group>";
		};
		D81E44B720D2847800E40904 /* head */ = {
			isa = PBXGroup;
			children = (
				D81E44B820D2847800E40904 /* head.mp4 */,
			);
			path = head;
			sourceTree = "<group>";
		};
		D81E44BB20D2847800E40904 /* FilterResource */ = {
			isa = PBXGroup;
			children = (
				D81E44BC20D2847800E40904 /* fennen.png */,
				D81E44BD20D2847800E40904 /* huaijiu.png */,
				D81E44BE20D2847800E40904 /* Info.plist */,
				D81E44BF20D2847800E40904 /* landiao.png */,
				D81E44C020D2847800E40904 /* langman.png */,
				D81E44C120D2847800E40904 /* qingliang.png */,
				D81E44C220D2847800E40904 /* qingxin.png */,
				D81E44C320D2847800E40904 /* rixi.png */,
				D81E44C420D2847800E40904 /* weimei.png */,
				D81E44C520D2847800E40904 /* white.png */,
			);
			path = FilterResource;
			sourceTree = "<group>";
		};
		D81E44C620D2847800E40904 /* include */ = {
			isa = PBXGroup;
			children = (
				D81E44C720D2847800E40904 /* TXCRenderView.h */,
				D81E44C820D2847800E40904 /* TXCVideoPreprocessor.h */,
				D81E44C920D2847800E40904 /* TXEVideoPreprocessorDef.h */,
				D81E44CA20D2847800E40904 /* TXEVideoTypeDef.h */,
				D81E44CB20D2847800E40904 /* TXINotifyDelegate.h */,
				D81E44CC20D2847800E40904 /* TXIVideoPreprocessorDelegate.h */,
			);
			path = include;
			sourceTree = "<group>";
		};
		D81E44D020D2847800E40904 /* Pitu */ = {
			isa = PBXGroup;
			children = (
				D81E44D120D2847800E40904 /* FilterEngine.bundle */,
				D81E44D220D2847800E40904 /* GPUImage.framework */,
				D81E44D320D2847800E40904 /* libcrypto.a */,
				D81E44D420D2847800E40904 /* libssl.a */,
				D81E44D520D2847800E40904 /* YoutuBeauty */,
			);
			path = Pitu;
			sourceTree = "<group>";
		};
		D81E44D520D2847800E40904 /* YoutuBeauty */ = {
			isa = PBXGroup;
			children = (
				D81E44D620D2847800E40904 /* PE.dat */,
				D81E44D720D2847800E40904 /* ufa.bundle */,
				D81E44D820D2847800E40904 /* youtubeauty.bundle */,
			);
			path = YoutuBeauty;
			sourceTree = "<group>";
		};
		D84171A320C680FC00177BCD /* RefreshControl */ = {
			isa = PBXGroup;
			children = (
				D84171A420C6811200177BCD /* RefreshFooter.h */,
				D84171A520C6811200177BCD /* RefreshFooter.m */,
				D84171A720C6817100177BCD /* RefreshHeader.h */,
				D84171A820C6817100177BCD /* RefreshHeader.m */,
			);
			path = RefreshControl;
			sourceTree = "<group>";
		};
		D879E07820C827A70078E970 /* IMSDK */ = {
			isa = PBXGroup;
			children = (
				D879E07920C827A70078E970 /* IMCore.framework */,
				D879E07A20C827A70078E970 /* ImSDK.framework */,
				D879E07B20C827A70078E970 /* IMSDKBugly.framework */,
				D879E07C20C827A70078E970 /* QALSDK.framework */,
				D879E07D20C827A70078E970 /* TLSSDK.framework */,
			);
			path = IMSDK;
			sourceTree = "<group>";
		};
		D888AD1620BFA152001BE4E0 = {
			isa = PBXGroup;
			children = (
				D81E446A20D2847800E40904 /* BeautySDK */,
				D879E07820C827A70078E970 /* IMSDK */,
				D888AD6920BFA58C001BE4E0 /* ILiveSDK */,
				D888AD5820BFA543001BE4E0 /* AVSDK */,
				D888AE0520C40690001BE4E0 /* Resources */,
				D888AD2120BFA152001BE4E0 /* TRTC */,
				D888AD3D20BFA153001BE4E0 /* TRTCTests */,
				D888AD4820BFA153001BE4E0 /* TRTCUITests */,
				D888AD2020BFA152001BE4E0 /* Products */,
				D888AD7120BFA5E7001BE4E0 /* Frameworks */,
			);
			sourceTree = "<group>";
		};
		D888AD2020BFA152001BE4E0 /* Products */ = {
			isa = PBXGroup;
			children = (
				D888AD1F20BFA152001BE4E0 /* 腾讯视频通话.app */,
				D888AD3A20BFA153001BE4E0 /* TRTCTests.xctest */,
				D888AD4520BFA153001BE4E0 /* TRTCUITests.xctest */,
			);
			name = Products;
			sourceTree = "<group>";
		};
		D888AD2120BFA152001BE4E0 /* TRTC */ = {
			isa = PBXGroup;
			children = (
				D888AD2220BFA152001BE4E0 /* AppDelegate.h */,
				D888AD2320BFA152001BE4E0 /* AppDelegate.m */,
				D888ADE420BFD4EB001BE4E0 /* TCLiveRequestManager.h */,
				D888ADE520BFD4EB001BE4E0 /* TCLiveRequestManager.m */,
				D888AD2520BFA152001BE4E0 /* TCLiveJoinRoomViewController.h */,
				D888AD2620BFA152001BE4E0 /* TCLiveJoinRoomViewController.m */,
				D8DAF99420CB95E0003C8961 /* TCLiveRoomVC */,
				D8DAF99520CB96B4003C8961 /* TCLiveUITools */,
				D888AD2820BFA152001BE4E0 /* Main.storyboard */,
				D888AD2E20BFA153001BE4E0 /* Assets.xcassets */,
				D888AD3020BFA153001BE4E0 /* LaunchScreen.storyboard */,
				D888AD3320BFA153001BE4E0 /* Info.plist */,
				D888AD3420BFA153001BE4E0 /* main.m */,
				D888AD2B20BFA152001BE4E0 /* TRTC.xcdatamodeld */,
			);
			path = TRTC;
			sourceTree = "<group>";
		};
		D888AD3D20BFA153001BE4E0 /* TRTCTests */ = {
			isa = PBXGroup;
			children = (
				D888AD3E20BFA153001BE4E0 /* TRTCTests.m */,
				D888AD4020BFA153001BE4E0 /* Info.plist */,
			);
			path = TRTCTests;
			sourceTree = "<group>";
		};
		D888AD4820BFA153001BE4E0 /* TRTCUITests */ = {
			isa = PBXGroup;
			children = (
				D888AD4920BFA153001BE4E0 /* TRTCUITests.m */,
				D888AD4B20BFA153001BE4E0 /* Info.plist */,
			);
			path = TRTCUITests;
			sourceTree = "<group>";
		};
		D888AD5820BFA543001BE4E0 /* AVSDK */ = {
			isa = PBXGroup;
			children = (
				D888AD5920BFA543001BE4E0 /* QAVSDK.framework */,
			);
			path = AVSDK;
			sourceTree = "<group>";
		};
		D888AD6920BFA58C001BE4E0 /* ILiveSDK */ = {
			isa = PBXGroup;
			children = (
				D888AD6A20BFA58C001BE4E0 /* ILiveLogReport.framework */,
				D888AD6B20BFA58C001BE4E0 /* ILiveSDK.framework */,
				D888AD6C20BFA58C001BE4E0 /* TILLiveSDK.framework */,
			);
			path = ILiveSDK;
			sourceTree = "<group>";
		};
		D888AD7120BFA5E7001BE4E0 /* Frameworks */ = {
			isa = PBXGroup;
			children = (
				D81E454220D28AFA00E40904 /* libstdc++.tbd */,
				D81E454020D28ACE00E40904 /* libicucore.tbd */,
				D81E453E20D28AB100E40904 /* VideoToolbox.framework */,
				D81E453C20D28A9100E40904 /* QuartzCore.framework */,
				D81E453A20D28A7700E40904 /* OpenGLES.framework */,
				D81E453820D2851F00E40904 /* JavaScriptCore.framework */,
				D81E453620D2851200E40904 /* ImageIO.framework */,
				D81E453420D284F300E40904 /* AVFoundation.framework */,
				D81E453220D284E100E40904 /* AssetsLibrary.framework */,
				D888ADA420BFAE04001BE4E0 /* libiconv.tbd */,
				D888ADA220BFAD2E001BE4E0 /* libstdc++.6.tbd */,
				D888ADA020BFAD23001BE4E0 /* libc++.tbd */,
				D888AD9E20BFAD19001BE4E0 /* libbz2.tbd */,
				D888AD9C20BFAD0F001BE4E0 /* libz.tbd */,
				D888AD9A20BFAD06001BE4E0 /* libresolv.tbd */,
				D888AD9820BFACFC001BE4E0 /* libsqlite3.0.tbd */,
				D888AD9620BFACEB001BE4E0 /* libprotobuf.tbd */,
				D888AD9420BFABD0001BE4E0 /* OpenAL.framework */,
				D888AD7C20BFA628001BE4E0 /* CoreGraphics.framework */,
				D888AD7A20BFA621001BE4E0 /* CoreMedia.framework */,
				D888AD7820BFA618001BE4E0 /* SystemConfiguration.framework */,
				D888AD7620BFA60F001BE4E0 /* Accelerate.framework */,
				D888AD7420BFA607001BE4E0 /* CoreVideo.framework */,
				D888AD7220BFA5E7001BE4E0 /* UIKit.framework */,
			);
			name = Frameworks;
			sourceTree = "<group>";
		};
		D888AE0520C40690001BE4E0 /* Resources */ = {
			isa = PBXGroup;
			children = (
				D8F8777D20CE5E0A00EE1693 /* ui_title_arrow_left.png */,
				D8DAF99720CBAF0F003C8961 /* ic_toast_success@2x.png */,
				D8DAF99620CBAF0E003C8961 /* icon_sign@2x.png */,
				D8A76E5520C958010034B2C1 /* chat.png */,
				D879E03420C7CE490078E970 /* muti_room_bg.png */,
				D841719B20C62F2C00177BCD /* bg.png */,
				D888AE0820C40690001BE4E0 /* beauty-dis.png */,
				D888AE0920C40690001BE4E0 /* beauty.png */,
				D888AE0B20C40690001BE4E0 /* camera-gray.png */,
				D888AE0C20C40690001BE4E0 /* camera.png */,
				D879E03620C7D1E10078E970 /* feedback.png */,
				D888AE0D20C40690001BE4E0 /* doubleroom.png */,
				D879E03820C7D1E90078E970 /* role.png */,
				D888AE1820C40690001BE4E0 /* log.png */,
				D888AE1920C40690001BE4E0 /* log2.png */,
				D888AE1C20C40691001BE4E0 /* mic-dis.png */,
				D888AE1D20C40691001BE4E0 /* mic.png */,
			);
			path = Resources;
			sourceTree = "<group>";
		};
		D8DAF99420CB95E0003C8961 /* TCLiveRoomVC */ = {
			isa = PBXGroup;
			children = (
				D888ADF320C04237001BE4E0 /* TCLiveRoomViewController.h */,
				D888ADF420C04237001BE4E0 /* TCLiveRoomViewController.m */,
				D888ADF920C3D9F0001BE4E0 /* TCLiveVideoLayoutView.h */,
				D888ADFA20C3D9F0001BE4E0 /* TCLiveVideoLayoutView.m */,
				D888ADFC20C3EC63001BE4E0 /* TCLiveVideoControlBar.h */,
				D888ADFD20C3EC63001BE4E0 /* TCLiveVideoControlBar.m */,
				D888ADFF20C3F2E6001BE4E0 /* TCLiveChatTableView.h */,
				D888AE0020C3F2E6001BE4E0 /* TCLiveChatTableView.m */,
				D8DAF98E20CA3FDB003C8961 /* TCLiveChatTableViewCell.h */,
				D8DAF98F20CA3FDB003C8961 /* TCLiveChatTableViewCell.m */,
			);
			path = TCLiveRoomVC;
			sourceTree = "<group>";
		};
		D8DAF99520CB96B4003C8961 /* TCLiveUITools */ = {
			isa = PBXGroup;
			children = (
				D84171A320C680FC00177BCD /* RefreshControl */,
				D841719E20C6353C00177BCD /* UIColorEX.h */,
				D841719F20C6353C00177BCD /* UIColorEX.m */,
				D8DAF99A20CBAF2C003C8961 /* UIToastView.h */,
				D8DAF99B20CBAF2C003C8961 /* UIToastView.m */,
			);
			path = TCLiveUITools;
			sourceTree = "<group>";
		};
/* End PBXGroup section */

/* Begin PBXNativeTarget section */
		D888AD1E20BFA152001BE4E0 /* TRTC */ = {
			isa = PBXNativeTarget;
			buildConfigurationList = D888AD4E20BFA153001BE4E0 /* Build configuration list for PBXNativeTarget "TRTC" */;
			buildPhases = (
				D888AD1B20BFA152001BE4E0 /* Sources */,
				D888AD1C20BFA152001BE4E0 /* Frameworks */,
				D888AD1D20BFA152001BE4E0 /* Resources */,
			);
			buildRules = (
			);
			dependencies = (
			);
			name = TRTC;
			productName = TRTC;
			productReference = D888AD1F20BFA152001BE4E0 /* 腾讯视频通话.app */;
			productType = "com.apple.product-type.application";
		};
		D888AD3920BFA153001BE4E0 /* TRTCTests */ = {
			isa = PBXNativeTarget;
			buildConfigurationList = D888AD5120BFA153001BE4E0 /* Build configuration list for PBXNativeTarget "TRTCTests" */;
			buildPhases = (
				D888AD3620BFA153001BE4E0 /* Sources */,
				D888AD3720BFA153001BE4E0 /* Frameworks */,
				D888AD3820BFA153001BE4E0 /* Resources */,
			);
			buildRules = (
			);
			dependencies = (
				D888AD3C20BFA153001BE4E0 /* PBXTargetDependency */,
			);
			name = TRTCTests;
			productName = TRTCTests;
			productReference = D888AD3A20BFA153001BE4E0 /* TRTCTests.xctest */;
			productType = "com.apple.product-type.bundle.unit-test";
		};
		D888AD4420BFA153001BE4E0 /* TRTCUITests */ = {
			isa = PBXNativeTarget;
			buildConfigurationList = D888AD5420BFA153001BE4E0 /* Build configuration list for PBXNativeTarget "TRTCUITests" */;
			buildPhases = (
				D888AD4120BFA153001BE4E0 /* Sources */,
				D888AD4220BFA153001BE4E0 /* Frameworks */,
				D888AD4320BFA153001BE4E0 /* Resources */,
			);
			buildRules = (
			);
			dependencies = (
				D888AD4720BFA153001BE4E0 /* PBXTargetDependency */,
			);
			name = TRTCUITests;
			productName = TRTCUITests;
			productReference = D888AD4520BFA153001BE4E0 /* TRTCUITests.xctest */;
			productType = "com.apple.product-type.bundle.ui-testing";
		};
/* End PBXNativeTarget section */

/* Begin PBXProject section */
		D888AD1720BFA152001BE4E0 /* Project object */ = {
			isa = PBXProject;
			attributes = {
				LastUpgradeCheck = 0930;
				ORGANIZATIONNAME = Tencent;
				TargetAttributes = {
					D888AD1E20BFA152001BE4E0 = {
						CreatedOnToolsVersion = 9.3;
						SystemCapabilities = {
							com.apple.BackgroundModes = {
								enabled = 1;
							};
						};
					};
					D888AD3920BFA153001BE4E0 = {
						CreatedOnToolsVersion = 9.3;
						TestTargetID = D888AD1E20BFA152001BE4E0;
					};
					D888AD4420BFA153001BE4E0 = {
						CreatedOnToolsVersion = 9.3;
						TestTargetID = D888AD1E20BFA152001BE4E0;
					};
				};
			};
			buildConfigurationList = D888AD1A20BFA152001BE4E0 /* Build configuration list for PBXProject "TRTC" */;
			compatibilityVersion = "Xcode 9.3";
			developmentRegion = en;
			hasScannedForEncodings = 0;
			knownRegions = (
				en,
				Base,
			);
			mainGroup = D888AD1620BFA152001BE4E0;
			productRefGroup = D888AD2020BFA152001BE4E0 /* Products */;
			projectDirPath = "";
			projectRoot = "";
			targets = (
				D888AD1E20BFA152001BE4E0 /* TRTC */,
				D888AD3920BFA153001BE4E0 /* TRTCTests */,
				D888AD4420BFA153001BE4E0 /* TRTCUITests */,
			);
		};
/* End PBXProject section */

/* Begin PBXResourcesBuildPhase section */
		D888AD1D20BFA152001BE4E0 /* Resources */ = {
			isa = PBXResourcesBuildPhase;
			buildActionMask = 2147483647;
			files = (
				D81E44E920D2847800E40904 /* ear_23.png in Resources */,
				D81E451C20D2847800E40904 /* params.wmc in Resources */,
				D81E450D20D2847800E40904 /* tooth_21.png in Resources */,
				D879E03720C7D1E20078E970 /* feedback.png in Resources */,
				D81E452020D2847800E40904 /* Info.plist in Resources */,
				D81E44D920D2847800E40904 /* ear_0.png in Resources */,
				D81E44FA20D2847800E40904 /* huzi_7.png in Resources */,
				D888AE4C20C40691001BE4E0 /* mic.png in Resources */,
				D81E44EC20D2847800E40904 /* ear_5.png in Resources */,
				D81E44F120D2847800E40904 /* huzi_0.png in Resources */,
				D81E450320D2847800E40904 /* tooth_12.png in Resources */,
				D81E450920D2847800E40904 /* tooth_18.png in Resources */,
				D81E450F20D2847800E40904 /* tooth_23.png in Resources */,
				D81E44EA20D2847800E40904 /* ear_3.png in Resources */,
				D81E44FF20D2847800E40904 /* tooth_0.png in Resources */,
				D81E44E220D2847800E40904 /* ear_17.png in Resources */,
				D888AD3220BFA153001BE4E0 /* LaunchScreen.storyboard in Resources */,
				D81E453020D2847900E40904 /* ufa.bundle in Resources */,
				D81E451F20D2847800E40904 /* huaijiu.png in Resources */,
				D81E44E720D2847800E40904 /* ear_21.png in Resources */,
				D81E44DA20D2847800E40904 /* ear_1.png in Resources */,
				D81E44FC20D2847800E40904 /* huzi_9.png in Resources */,
				D81E452120D2847800E40904 /* landiao.png in Resources */,
				D81E451D20D2847800E40904 /* video_snow_white.png in Resources */,
				D81E452520D2847800E40904 /* rixi.png in Resources */,
				D888AE3720C40691001BE4E0 /* beauty-dis.png in Resources */,
				D888AD2F20BFA153001BE4E0 /* Assets.xcassets in Resources */,
				D81E450020D2847800E40904 /* tooth_1.png in Resources */,
				D81E451320D2847800E40904 /* tooth_6.png in Resources */,
				D81E451E20D2847800E40904 /* fennen.png in Resources */,
				D81E44E320D2847800E40904 /* ear_18.png in Resources */,
				D888AE3B20C40691001BE4E0 /* camera.png in Resources */,
				D81E450B20D2847800E40904 /* tooth_2.png in Resources */,
				D81E450620D2847800E40904 /* tooth_15.png in Resources */,
				D81E452620D2847800E40904 /* weimei.png in Resources */,
				D81E451420D2847800E40904 /* tooth_7.png in Resources */,
				D81E451A20D2847800E40904 /* eyes.mp4 in Resources */,
				D81E44F420D2847800E40904 /* huzi_11.png in Resources */,
				D879E03920C7D1E90078E970 /* role.png in Resources */,
				D81E44DF20D2847800E40904 /* ear_14.png in Resources */,
				D81E452B20D2847900E40904 /* FilterEngine.bundle in Resources */,
				D81E44F020D2847800E40904 /* ear_9.png in Resources */,
				D81E44F920D2847800E40904 /* huzi_6.png in Resources */,
				D81E450C20D2847800E40904 /* tooth_20.png in Resources */,
				D888AE3C20C40691001BE4E0 /* doubleroom.png in Resources */,
				D81E44FD20D2847800E40904 /* nose_0.png in Resources */,
				D8DAF99920CBAF0F003C8961 /* ic_toast_success@2x.png in Resources */,
				D81E450120D2847800E40904 /* tooth_10.png in Resources */,
				D81E452720D2847800E40904 /* white.png in Resources */,
				D888AE4820C40691001BE4E0 /* log2.png in Resources */,
				D841719D20C62F2C00177BCD /* bg.png in Resources */,
				D888AE4720C40691001BE4E0 /* log.png in Resources */,
				D81E452220D2847800E40904 /* langman.png in Resources */,
				D888AD2A20BFA152001BE4E0 /* Main.storyboard in Resources */,
				D81E44EE20D2847800E40904 /* ear_7.png in Resources */,
				D8DAF99820CBAF0F003C8961 /* icon_sign@2x.png in Resources */,
				D81E451120D2847800E40904 /* tooth_4.png in Resources */,
				D81E451920D2847800E40904 /* cloth_0.png in Resources */,
				D81E44F220D2847800E40904 /* huzi_1.png in Resources */,
				D81E450720D2847800E40904 /* tooth_16.png in Resources */,
				D81E44DB20D2847800E40904 /* ear_10.png in Resources */,
				D81E452F20D2847900E40904 /* PE.dat in Resources */,
				D81E44F820D2847800E40904 /* huzi_5.png in Resources */,
				D888AE3820C40691001BE4E0 /* beauty.png in Resources */,
				D81E451B20D2847800E40904 /* head.mp4 in Resources */,
				D81E44EB20D2847800E40904 /* ear_4.png in Resources */,
				D81E450420D2847800E40904 /* tooth_13.png in Resources */,
				D81E451520D2847800E40904 /* tooth_8.png in Resources */,
				D81E44ED20D2847800E40904 /* ear_6.png in Resources */,
				D8F8777E20CE5E0A00EE1693 /* ui_title_arrow_left.png in Resources */,
				D81E44DD20D2847800E40904 /* ear_12.png in Resources */,
				D81E451820D2847800E40904 /* apple.mp4 in Resources */,
				D81E44F620D2847800E40904 /* huzi_3.png in Resources */,
				D81E450220D2847800E40904 /* tooth_11.png in Resources */,
				D81E450A20D2847800E40904 /* tooth_19.png in Resources */,
				D81E44DC20D2847800E40904 /* ear_11.png in Resources */,
				D81E44E820D2847800E40904 /* ear_22.png in Resources */,
				D81E44F320D2847800E40904 /* huzi_10.png in Resources */,
				D81E44EF20D2847800E40904 /* ear_8.png in Resources */,
				D81E44E020D2847800E40904 /* ear_15.png in Resources */,
				D81E44F520D2847800E40904 /* huzi_2.png in Resources */,
				D81E44F720D2847800E40904 /* huzi_4.png in Resources */,
				D81E453120D2847900E40904 /* youtubeauty.bundle in Resources */,
				D81E450E20D2847800E40904 /* tooth_22.png in Resources */,
				D81E44E520D2847800E40904 /* ear_2.png in Resources */,
				D81E451620D2847800E40904 /* tooth_9.png in Resources */,
				D81E452420D2847800E40904 /* qingxin.png in Resources */,
				D81E44FE20D2847800E40904 /* params.wmc in Resources */,
				D81E452320D2847800E40904 /* qingliang.png in Resources */,
				D8A76E5620C958010034B2C1 /* chat.png in Resources */,
				D81E44E620D2847800E40904 /* ear_20.png in Resources */,
				D81E450820D2847800E40904 /* tooth_17.png in Resources */,
				D81E44E120D2847800E40904 /* ear_16.png in Resources */,
				D888AE4B20C40691001BE4E0 /* mic-dis.png in Resources */,
				D879E03520C7CE490078E970 /* muti_room_bg.png in Resources */,
				D81E44FB20D2847800E40904 /* huzi_8.png in Resources */,
				D81E450520D2847800E40904 /* tooth_14.png in Resources */,
				D81E44DE20D2847800E40904 /* ear_13.png in Resources */,
				D81E451720D2847800E40904 /* video_rabbit.png in Resources */,
				D81E451220D2847800E40904 /* tooth_5.png in Resources */,
				D81E44E420D2847800E40904 /* ear_19.png in Resources */,
				D81E451020D2847800E40904 /* tooth_3.png in Resources */,
				D888AE3A20C40691001BE4E0 /* camera-gray.png in Resources */,
			);
			runOnlyForDeploymentPostprocessing = 0;
		};
		D888AD3820BFA153001BE4E0 /* Resources */ = {
			isa = PBXResourcesBuildPhase;
			buildActionMask = 2147483647;
			files = (
			);
			runOnlyForDeploymentPostprocessing = 0;
		};
		D888AD4320BFA153001BE4E0 /* Resources */ = {
			isa = PBXResourcesBuildPhase;
			buildActionMask = 2147483647;
			files = (
			);
			runOnlyForDeploymentPostprocessing = 0;
		};
/* End PBXResourcesBuildPhase section */

/* Begin PBXSourcesBuildPhase section */
		D888AD1B20BFA152001BE4E0 /* Sources */ = {
			isa = PBXSourcesBuildPhase;
			buildActionMask = 2147483647;
			files = (
				D888AE0120C3F2E6001BE4E0 /* TCLiveChatTableView.m in Sources */,
				D84171A620C6811200177BCD /* RefreshFooter.m in Sources */,
				D888ADFE20C3EC63001BE4E0 /* TCLiveVideoControlBar.m in Sources */,
				D84171A020C6353C00177BCD /* UIColorEX.m in Sources */,
				D84171A920C6817100177BCD /* RefreshHeader.m in Sources */,
				D888ADFB20C3D9F0001BE4E0 /* TCLiveVideoLayoutView.m in Sources */,
				D888AD2720BFA152001BE4E0 /* TCLiveJoinRoomViewController.m in Sources */,
				D888ADF520C04237001BE4E0 /* TCLiveRoomViewController.m in Sources */,
				D888AD3520BFA153001BE4E0 /* main.m in Sources */,
				D8DAF99020CA3FDB003C8961 /* TCLiveChatTableViewCell.m in Sources */,
				D8DAF99C20CBAF2C003C8961 /* UIToastView.m in Sources */,
				D888ADE620BFD4EB001BE4E0 /* TCLiveRequestManager.m in Sources */,
				D888AD2420BFA152001BE4E0 /* AppDelegate.m in Sources */,
			);
			runOnlyForDeploymentPostprocessing = 0;
		};
		D888AD3620BFA153001BE4E0 /* Sources */ = {
			isa = PBXSourcesBuildPhase;
			buildActionMask = 2147483647;
			files = (
				D888AD3F20BFA153001BE4E0 /* TRTCTests.m in Sources */,
			);
			runOnlyForDeploymentPostprocessing = 0;
		};
		D888AD4120BFA153001BE4E0 /* Sources */ = {
			isa = PBXSourcesBuildPhase;
			buildActionMask = 2147483647;
			files = (
				D888AD4A20BFA153001BE4E0 /* TRTCUITests.m in Sources */,
			);
			runOnlyForDeploymentPostprocessing = 0;
		};
/* End PBXSourcesBuildPhase section */

/* Begin PBXTargetDependency section */
		D888AD3C20BFA153001BE4E0 /* PBXTargetDependency */ = {
			isa = PBXTargetDependency;
			target = D888AD1E20BFA152001BE4E0 /* TRTC */;
			targetProxy = D888AD3B20BFA153001BE4E0 /* PBXContainerItemProxy */;
		};
		D888AD4720BFA153001BE4E0 /* PBXTargetDependency */ = {
			isa = PBXTargetDependency;
			target = D888AD1E20BFA152001BE4E0 /* TRTC */;
			targetProxy = D888AD4620BFA153001BE4E0 /* PBXContainerItemProxy */;
		};
/* End PBXTargetDependency section */

/* Begin PBXVariantGroup section */
		D888AD2820BFA152001BE4E0 /* Main.storyboard */ = {
			isa = PBXVariantGroup;
			children = (
				D888AD2920BFA152001BE4E0 /* Base */,
			);
			name = Main.storyboard;
			sourceTree = "<group>";
		};
		D888AD3020BFA153001BE4E0 /* LaunchScreen.storyboard */ = {
			isa = PBXVariantGroup;
			children = (
				D888AD3120BFA153001BE4E0 /* Base */,
			);
			name = LaunchScreen.storyboard;
			sourceTree = "<group>";
		};
/* End PBXVariantGroup section */

/* Begin XCBuildConfiguration section */
		D879E03020C7C98A0078E970 /* DailyBuild */ = {
			isa = XCBuildConfiguration;
			buildSettings = {
				ALWAYS_SEARCH_USER_PATHS = NO;
				CLANG_ANALYZER_NONNULL = YES;
				CLANG_ANALYZER_NUMBER_OBJECT_CONVERSION = YES_AGGRESSIVE;
				CLANG_CXX_LANGUAGE_STANDARD = "gnu++14";
				CLANG_CXX_LIBRARY = "libc++";
				CLANG_ENABLE_MODULES = YES;
				CLANG_ENABLE_OBJC_ARC = YES;
				CLANG_ENABLE_OBJC_WEAK = YES;
				CLANG_WARN_BLOCK_CAPTURE_AUTORELEASING = YES;
				CLANG_WARN_BOOL_CONVERSION = YES;
				CLANG_WARN_COMMA = YES;
				CLANG_WARN_CONSTANT_CONVERSION = YES;
				CLANG_WARN_DEPRECATED_OBJC_IMPLEMENTATIONS = YES;
				CLANG_WARN_DIRECT_OBJC_ISA_USAGE = YES_ERROR;
				CLANG_WARN_DOCUMENTATION_COMMENTS = YES;
				CLANG_WARN_EMPTY_BODY = YES;
				CLANG_WARN_ENUM_CONVERSION = YES;
				CLANG_WARN_INFINITE_RECURSION = YES;
				CLANG_WARN_INT_CONVERSION = YES;
				CLANG_WARN_NON_LITERAL_NULL_CONVERSION = YES;
				CLANG_WARN_OBJC_IMPLICIT_RETAIN_SELF = YES;
				CLANG_WARN_OBJC_LITERAL_CONVERSION = YES;
				CLANG_WARN_OBJC_ROOT_CLASS = YES_ERROR;
				CLANG_WARN_RANGE_LOOP_ANALYSIS = YES;
				CLANG_WARN_STRICT_PROTOTYPES = YES;
				CLANG_WARN_SUSPICIOUS_MOVE = YES;
				CLANG_WARN_UNGUARDED_AVAILABILITY = YES_AGGRESSIVE;
				CLANG_WARN_UNREACHABLE_CODE = YES;
				CLANG_WARN__DUPLICATE_METHOD_MATCH = YES;
				CODE_SIGN_IDENTITY = "iPhone Developer";
				COPY_PHASE_STRIP = NO;
				DEBUG_INFORMATION_FORMAT = "dwarf-with-dsym";
				ENABLE_NS_ASSERTIONS = NO;
				ENABLE_STRICT_OBJC_MSGSEND = YES;
				GCC_C_LANGUAGE_STANDARD = gnu11;
				GCC_NO_COMMON_BLOCKS = YES;
				GCC_WARN_64_TO_32_BIT_CONVERSION = YES;
				GCC_WARN_ABOUT_RETURN_TYPE = YES_ERROR;
				GCC_WARN_UNDECLARED_SELECTOR = YES;
				GCC_WARN_UNINITIALIZED_AUTOS = YES_AGGRESSIVE;
				GCC_WARN_UNUSED_FUNCTION = YES;
				GCC_WARN_UNUSED_VARIABLE = YES;
				IPHONEOS_DEPLOYMENT_TARGET = 8.0;
				MTL_ENABLE_DEBUG_INFO = NO;
				SDKROOT = iphoneos;
				VALIDATE_PRODUCT = YES;
			};
			name = DailyBuild;
		};
		D879E03120C7C98A0078E970 /* DailyBuild */ = {
			isa = XCBuildConfiguration;
			buildSettings = {
				ASSETCATALOG_COMPILER_APPICON_NAME = AppIcon;
				ASSETCATALOG_COMPILER_LAUNCHIMAGE_NAME = LaunchImage;
				CODE_SIGN_IDENTITY = "iPhone Developer";
				"CODE_SIGN_IDENTITY[sdk=*]" = "iPhone Distribution: Tencent Technology (Shenzhen) Co., Ltd";
				CODE_SIGN_STYLE = Manual;
				DEVELOPMENT_TEAM = "";
				ENABLE_BITCODE = NO;
				FRAMEWORK_SEARCH_PATHS = (
					"$(inherited)",
					"$(PROJECT_DIR)/AVSDK",
					"$(PROJECT_DIR)/ILiveSDK",
					"$(PROJECT_DIR)/IMSDK",
					"$(PROJECT_DIR)/BeautySDK/Pitu",
				);
				INFOPLIST_FILE = TRTC/Info.plist;
				LD_RUNPATH_SEARCH_PATHS = (
					"$(inherited)",
					"@executable_path/Frameworks",
				);
				LIBRARY_SEARCH_PATHS = (
					"$(inherited)",
					"$(PROJECT_DIR)/BeautySDK",
					"$(PROJECT_DIR)/BeautySDK/Pitu",
				);
				OTHER_LDFLAGS = "-ObjC";
				PRODUCT_BUNDLE_IDENTIFIER = com.tencent.iosmytrtc;
				PRODUCT_NAME = "腾讯视频通话";
				PROVISIONING_PROFILE = "";
				PROVISIONING_PROFILE_SPECIFIER = "";
				TARGETED_DEVICE_FAMILY = 1;
			};
			name = DailyBuild;
		};
		D879E03220C7C98A0078E970 /* DailyBuild */ = {
			isa = XCBuildConfiguration;
			buildSettings = {
				BUNDLE_LOADER = "$(TEST_HOST)";
				CODE_SIGN_STYLE = Automatic;
				INFOPLIST_FILE = TRTCTests/Info.plist;
				LD_RUNPATH_SEARCH_PATHS = (
					"$(inherited)",
					"@executable_path/Frameworks",
					"@loader_path/Frameworks",
				);
				PRODUCT_BUNDLE_IDENTIFIER = com.tencent.TRTCTests;
				PRODUCT_NAME = "$(TARGET_NAME)";
				TARGETED_DEVICE_FAMILY = "1,2";
				TEST_HOST = "$(BUILT_PRODUCTS_DIR)/TRTC.app/TRTC";
			};
			name = DailyBuild;
		};
		D879E03320C7C98A0078E970 /* DailyBuild */ = {
			isa = XCBuildConfiguration;
			buildSettings = {
				CODE_SIGN_STYLE = Automatic;
				INFOPLIST_FILE = TRTCUITests/Info.plist;
				LD_RUNPATH_SEARCH_PATHS = (
					"$(inherited)",
					"@executable_path/Frameworks",
					"@loader_path/Frameworks",
				);
				PRODUCT_BUNDLE_IDENTIFIER = com.tencent.TRTCUITests;
				PRODUCT_NAME = "$(TARGET_NAME)";
				TARGETED_DEVICE_FAMILY = "1,2";
				TEST_TARGET_NAME = TRTC;
			};
			name = DailyBuild;
		};
		D888AD4C20BFA153001BE4E0 /* Debug */ = {
			isa = XCBuildConfiguration;
			buildSettings = {
				ALWAYS_SEARCH_USER_PATHS = NO;
				CLANG_ANALYZER_NONNULL = YES;
				CLANG_ANALYZER_NUMBER_OBJECT_CONVERSION = YES_AGGRESSIVE;
				CLANG_CXX_LANGUAGE_STANDARD = "gnu++14";
				CLANG_CXX_LIBRARY = "libc++";
				CLANG_ENABLE_MODULES = YES;
				CLANG_ENABLE_OBJC_ARC = YES;
				CLANG_ENABLE_OBJC_WEAK = YES;
				CLANG_WARN_BLOCK_CAPTURE_AUTORELEASING = YES;
				CLANG_WARN_BOOL_CONVERSION = YES;
				CLANG_WARN_COMMA = YES;
				CLANG_WARN_CONSTANT_CONVERSION = YES;
				CLANG_WARN_DEPRECATED_OBJC_IMPLEMENTATIONS = YES;
				CLANG_WARN_DIRECT_OBJC_ISA_USAGE = YES_ERROR;
				CLANG_WARN_DOCUMENTATION_COMMENTS = YES;
				CLANG_WARN_EMPTY_BODY = YES;
				CLANG_WARN_ENUM_CONVERSION = YES;
				CLANG_WARN_INFINITE_RECURSION = YES;
				CLANG_WARN_INT_CONVERSION = YES;
				CLANG_WARN_NON_LITERAL_NULL_CONVERSION = YES;
				CLANG_WARN_OBJC_IMPLICIT_RETAIN_SELF = YES;
				CLANG_WARN_OBJC_LITERAL_CONVERSION = YES;
				CLANG_WARN_OBJC_ROOT_CLASS = YES_ERROR;
				CLANG_WARN_RANGE_LOOP_ANALYSIS = YES;
				CLANG_WARN_STRICT_PROTOTYPES = YES;
				CLANG_WARN_SUSPICIOUS_MOVE = YES;
				CLANG_WARN_UNGUARDED_AVAILABILITY = YES_AGGRESSIVE;
				CLANG_WARN_UNREACHABLE_CODE = YES;
				CLANG_WARN__DUPLICATE_METHOD_MATCH = YES;
				CODE_SIGN_IDENTITY = "iPhone Developer";
				COPY_PHASE_STRIP = NO;
				DEBUG_INFORMATION_FORMAT = dwarf;
				ENABLE_STRICT_OBJC_MSGSEND = YES;
				ENABLE_TESTABILITY = YES;
				GCC_C_LANGUAGE_STANDARD = gnu11;
				GCC_DYNAMIC_NO_PIC = NO;
				GCC_NO_COMMON_BLOCKS = YES;
				GCC_OPTIMIZATION_LEVEL = 0;
				GCC_PREPROCESSOR_DEFINITIONS = (
					"DEBUG=1",
					"$(inherited)",
				);
				GCC_WARN_64_TO_32_BIT_CONVERSION = YES;
				GCC_WARN_ABOUT_RETURN_TYPE = YES_ERROR;
				GCC_WARN_UNDECLARED_SELECTOR = YES;
				GCC_WARN_UNINITIALIZED_AUTOS = YES_AGGRESSIVE;
				GCC_WARN_UNUSED_FUNCTION = YES;
				GCC_WARN_UNUSED_VARIABLE = YES;
				IPHONEOS_DEPLOYMENT_TARGET = 8.0;
				MTL_ENABLE_DEBUG_INFO = YES;
				ONLY_ACTIVE_ARCH = YES;
				SDKROOT = iphoneos;
			};
			name = Debug;
		};
		D888AD4D20BFA153001BE4E0 /* Release */ = {
			isa = XCBuildConfiguration;
			buildSettings = {
				ALWAYS_SEARCH_USER_PATHS = NO;
				CLANG_ANALYZER_NONNULL = YES;
				CLANG_ANALYZER_NUMBER_OBJECT_CONVERSION = YES_AGGRESSIVE;
				CLANG_CXX_LANGUAGE_STANDARD = "gnu++14";
				CLANG_CXX_LIBRARY = "libc++";
				CLANG_ENABLE_MODULES = YES;
				CLANG_ENABLE_OBJC_ARC = YES;
				CLANG_ENABLE_OBJC_WEAK = YES;
				CLANG_WARN_BLOCK_CAPTURE_AUTORELEASING = YES;
				CLANG_WARN_BOOL_CONVERSION = YES;
				CLANG_WARN_COMMA = YES;
				CLANG_WARN_CONSTANT_CONVERSION = YES;
				CLANG_WARN_DEPRECATED_OBJC_IMPLEMENTATIONS = YES;
				CLANG_WARN_DIRECT_OBJC_ISA_USAGE = YES_ERROR;
				CLANG_WARN_DOCUMENTATION_COMMENTS = YES;
				CLANG_WARN_EMPTY_BODY = YES;
				CLANG_WARN_ENUM_CONVERSION = YES;
				CLANG_WARN_INFINITE_RECURSION = YES;
				CLANG_WARN_INT_CONVERSION = YES;
				CLANG_WARN_NON_LITERAL_NULL_CONVERSION = YES;
				CLANG_WARN_OBJC_IMPLICIT_RETAIN_SELF = YES;
				CLANG_WARN_OBJC_LITERAL_CONVERSION = YES;
				CLANG_WARN_OBJC_ROOT_CLASS = YES_ERROR;
				CLANG_WARN_RANGE_LOOP_ANALYSIS = YES;
				CLANG_WARN_STRICT_PROTOTYPES = YES;
				CLANG_WARN_SUSPICIOUS_MOVE = YES;
				CLANG_WARN_UNGUARDED_AVAILABILITY = YES_AGGRESSIVE;
				CLANG_WARN_UNREACHABLE_CODE = YES;
				CLANG_WARN__DUPLICATE_METHOD_MATCH = YES;
				CODE_SIGN_IDENTITY = "iPhone Developer";
				COPY_PHASE_STRIP = NO;
				DEBUG_INFORMATION_FORMAT = "dwarf-with-dsym";
				ENABLE_NS_ASSERTIONS = NO;
				ENABLE_STRICT_OBJC_MSGSEND = YES;
				GCC_C_LANGUAGE_STANDARD = gnu11;
				GCC_NO_COMMON_BLOCKS = YES;
				GCC_WARN_64_TO_32_BIT_CONVERSION = YES;
				GCC_WARN_ABOUT_RETURN_TYPE = YES_ERROR;
				GCC_WARN_UNDECLARED_SELECTOR = YES;
				GCC_WARN_UNINITIALIZED_AUTOS = YES_AGGRESSIVE;
				GCC_WARN_UNUSED_FUNCTION = YES;
				GCC_WARN_UNUSED_VARIABLE = YES;
				IPHONEOS_DEPLOYMENT_TARGET = 8.0;
				MTL_ENABLE_DEBUG_INFO = NO;
				SDKROOT = iphoneos;
				VALIDATE_PRODUCT = YES;
			};
			name = Release;
		};
		D888AD4F20BFA153001BE4E0 /* Debug */ = {
			isa = XCBuildConfiguration;
			buildSettings = {
				ASSETCATALOG_COMPILER_APPICON_NAME = AppIcon;
				ASSETCATALOG_COMPILER_LAUNCHIMAGE_NAME = LaunchImage;
				CODE_SIGN_IDENTITY = "iPhone Developer";
				"CODE_SIGN_IDENTITY[sdk=*]" = "iPhone Developer";
				CODE_SIGN_STYLE = Manual;
				DEVELOPMENT_TEAM = "";
				ENABLE_BITCODE = NO;
				FRAMEWORK_SEARCH_PATHS = (
					"$(inherited)",
					"$(PROJECT_DIR)/AVSDK",
					"$(PROJECT_DIR)/ILiveSDK",
					"$(PROJECT_DIR)/IMSDK",
					"$(PROJECT_DIR)/BeautySDK/Pitu",
				);
				INFOPLIST_FILE = TRTC/Info.plist;
				LD_RUNPATH_SEARCH_PATHS = (
					"$(inherited)",
					"@executable_path/Frameworks",
				);
				LIBRARY_SEARCH_PATHS = (
					"$(inherited)",
					"$(PROJECT_DIR)/BeautySDK",
					"$(PROJECT_DIR)/BeautySDK/Pitu",
				);
				OTHER_LDFLAGS = "-ObjC";
				PRODUCT_BUNDLE_IDENTIFIER = com.tencent.iosmytrtc;
				PRODUCT_NAME = "腾讯视频通话";
				PROVISIONING_PROFILE = "";
				PROVISIONING_PROFILE_SPECIFIER = "";
				TARGETED_DEVICE_FAMILY = 1;
			};
			name = Debug;
		};
		D888AD5020BFA153001BE4E0 /* Release */ = {
			isa = XCBuildConfiguration;
			buildSettings = {
				ASSETCATALOG_COMPILER_APPICON_NAME = AppIcon;
				ASSETCATALOG_COMPILER_LAUNCHIMAGE_NAME = LaunchImage;
				CODE_SIGN_IDENTITY = "iPhone Developer";
				CODE_SIGN_STYLE = Manual;
				DEVELOPMENT_TEAM = "";
				ENABLE_BITCODE = NO;
				FRAMEWORK_SEARCH_PATHS = (
					"$(inherited)",
					"$(PROJECT_DIR)/AVSDK",
					"$(PROJECT_DIR)/ILiveSDK",
					"$(PROJECT_DIR)/IMSDK",
					"$(PROJECT_DIR)/BeautySDK/Pitu",
				);
				INFOPLIST_FILE = TRTC/Info.plist;
				LD_RUNPATH_SEARCH_PATHS = (
					"$(inherited)",
					"@executable_path/Frameworks",
				);
				LIBRARY_SEARCH_PATHS = (
					"$(inherited)",
					"$(PROJECT_DIR)/BeautySDK",
					"$(PROJECT_DIR)/BeautySDK/Pitu",
				);
				OTHER_LDFLAGS = "-ObjC";
				PRODUCT_BUNDLE_IDENTIFIER = com.tencent.iosmytrtc;
				PRODUCT_NAME = "腾讯视频通话";
				PROVISIONING_PROFILE = "";
				PROVISIONING_PROFILE_SPECIFIER = "";
				TARGETED_DEVICE_FAMILY = 1;
			};
			name = Release;
		};
		D888AD5220BFA153001BE4E0 /* Debug */ = {
			isa = XCBuildConfiguration;
			buildSettings = {
				BUNDLE_LOADER = "$(TEST_HOST)";
				CODE_SIGN_STYLE = Automatic;
				INFOPLIST_FILE = TRTCTests/Info.plist;
				LD_RUNPATH_SEARCH_PATHS = (
					"$(inherited)",
					"@executable_path/Frameworks",
					"@loader_path/Frameworks",
				);
				PRODUCT_BUNDLE_IDENTIFIER = com.tencent.TRTCTests;
				PRODUCT_NAME = "$(TARGET_NAME)";
				TARGETED_DEVICE_FAMILY = "1,2";
				TEST_HOST = "$(BUILT_PRODUCTS_DIR)/TRTC.app/TRTC";
			};
			name = Debug;
		};
		D888AD5320BFA153001BE4E0 /* Release */ = {
			isa = XCBuildConfiguration;
			buildSettings = {
				BUNDLE_LOADER = "$(TEST_HOST)";
				CODE_SIGN_STYLE = Automatic;
				INFOPLIST_FILE = TRTCTests/Info.plist;
				LD_RUNPATH_SEARCH_PATHS = (
					"$(inherited)",
					"@executable_path/Frameworks",
					"@loader_path/Frameworks",
				);
				PRODUCT_BUNDLE_IDENTIFIER = com.tencent.TRTCTests;
				PRODUCT_NAME = "$(TARGET_NAME)";
				TARGETED_DEVICE_FAMILY = "1,2";
				TEST_HOST = "$(BUILT_PRODUCTS_DIR)/TRTC.app/TRTC";
			};
			name = Release;
		};
		D888AD5520BFA153001BE4E0 /* Debug */ = {
			isa = XCBuildConfiguration;
			buildSettings = {
				CODE_SIGN_STYLE = Automatic;
				INFOPLIST_FILE = TRTCUITests/Info.plist;
				LD_RUNPATH_SEARCH_PATHS = (
					"$(inherited)",
					"@executable_path/Frameworks",
					"@loader_path/Frameworks",
				);
				PRODUCT_BUNDLE_IDENTIFIER = com.tencent.TRTCUITests;
				PRODUCT_NAME = "$(TARGET_NAME)";
				TARGETED_DEVICE_FAMILY = "1,2";
				TEST_TARGET_NAME = TRTC;
			};
			name = Debug;
		};
		D888AD5620BFA153001BE4E0 /* Release */ = {
			isa = XCBuildConfiguration;
			buildSettings = {
				CODE_SIGN_STYLE = Automatic;
				INFOPLIST_FILE = TRTCUITests/Info.plist;
				LD_RUNPATH_SEARCH_PATHS = (
					"$(inherited)",
					"@executable_path/Frameworks",
					"@loader_path/Frameworks",
				);
				PRODUCT_BUNDLE_IDENTIFIER = com.tencent.TRTCUITests;
				PRODUCT_NAME = "$(TARGET_NAME)";
				TARGETED_DEVICE_FAMILY = "1,2";
				TEST_TARGET_NAME = TRTC;
			};
			name = Release;
		};
/* End XCBuildConfiguration section */

/* Begin XCConfigurationList section */
		D888AD1A20BFA152001BE4E0 /* Build configuration list for PBXProject "TRTC" */ = {
			isa = XCConfigurationList;
			buildConfigurations = (
				D888AD4C20BFA153001BE4E0 /* Debug */,
				D888AD4D20BFA153001BE4E0 /* Release */,
				D879E03020C7C98A0078E970 /* DailyBuild */,
			);
			defaultConfigurationIsVisible = 0;
			defaultConfigurationName = Release;
		};
		D888AD4E20BFA153001BE4E0 /* Build configuration list for PBXNativeTarget "TRTC" */ = {
			isa = XCConfigurationList;
			buildConfigurations = (
				D888AD4F20BFA153001BE4E0 /* Debug */,
				D888AD5020BFA153001BE4E0 /* Release */,
				D879E03120C7C98A0078E970 /* DailyBuild */,
			);
			defaultConfigurationIsVisible = 0;
			defaultConfigurationName = Release;
		};
		D888AD5120BFA153001BE4E0 /* Build configuration list for PBXNativeTarget "TRTCTests" */ = {
			isa = XCConfigurationList;
			buildConfigurations = (
				D888AD5220BFA153001BE4E0 /* Debug */,
				D888AD5320BFA153001BE4E0 /* Release */,
				D879E03220C7C98A0078E970 /* DailyBuild */,
			);
			defaultConfigurationIsVisible = 0;
			defaultConfigurationName = Release;
		};
		D888AD5420BFA153001BE4E0 /* Build configuration list for PBXNativeTarget "TRTCUITests" */ = {
			isa = XCConfigurationList;
			buildConfigurations = (
				D888AD5520BFA153001BE4E0 /* Debug */,
				D888AD5620BFA153001BE4E0 /* Release */,
				D879E03320C7C98A0078E970 /* DailyBuild */,
			);
			defaultConfigurationIsVisible = 0;
			defaultConfigurationName = Release;
		};
/* End XCConfigurationList section */

/* Begin XCVersionGroup section */
		D888AD2B20BFA152001BE4E0 /* TRTC.xcdatamodeld */ = {
			isa = XCVersionGroup;
			children = (
				D888AD2C20BFA152001BE4E0 /* TRTC.xcdatamodel */,
			);
			currentVersion = D888AD2C20BFA152001BE4E0 /* TRTC.xcdatamodel */;
			path = TRTC.xcdatamodeld;
			sourceTree = "<group>";
			versionGroupType = wrapper.xcdatamodel;
		};
/* End XCVersionGroup section */
	};
	rootObject = D888AD1720BFA152001BE4E0 /* Project object */;
}
